{
  "version": 4,
  "terraform_version": "1.11.2",
  "serial": 36,
  "lineage": "9ae29c3f-f4ca-4a7f-c79c-6af0dfa56acf",
  "outputs": {
    "codedeploy_app_name": {
      "value": "istory-app",
      "type": "string"
    },
    "codedeploy_deployment_group_name": {
      "value": "istory-deploy-group",
      "type": "string"
    },
    "istory-deploy-bucket_name": {
      "value": "istory-deploy-bucket-084828561107",
      "type": "string"
    },
    "rds_database_name": {
      "value": "istory",
      "type": "string"
    },
    "rds_username": {
      "value": "user",
      "type": "string"
    },
    "ssh_private_key_pem": {
      "value": "-----BEGIN RSA PRIVATE KEY-----\nMIIEowIBAAKCAQEAv5IMs6yVC7s6fMgteF237W0AOizE50HuS+NnsR9i2vUxjYqT\nCcndwg5kCtL+ZrHm/lLYWZP4qFGEf82udCZOjAkb+TdaZya6UpIK0C8uqBIw+kRX\nVX+OvaW5m92/KycePyEOQYBbJmEnrZiQHCHxWQ/IcjtQ7Cza4GPm9QRyMCO1HU3B\nNBnixXyG672dQCDEiPYKdw6ndQT+vd8cyXSVFk17vfWUuKuYvCPWtiAoNIyagtqP\nk/mMiJ9e2kqXB7JkSXELUuwc5zRcZvOtGstzNp1PA56Qd2XkGRgIBoFWbnpteKvI\nQ3QIop0vus1bnE+yEiVvWOf3jCa5FSPFa66zWwIDAQABAoIBAHZfmNmtWqvVFV7l\nkrM9tdlP8UQBRepgIw9hhUE9U6hYujXr2s/BnPW8TrUhi3GJnGKqbmVrucrIFEek\noJfE0+RT/KUSPxpeI+PBukzJ2tqf4wPCFvUNzPYC4Z4ed3ICyf3YPybaWXhtsEbk\nbqfzkV6nEgUEAgzt6pGdKaldBfIYDIziZlYN9RkdMQN7t1awPjndVSJYq0okLpUo\nTy9Jy9IEJlbm9K+rH/fiiNoHOcTVt+aWUPo/+fmH4kZ7iJHQCnk9jFav5+I7BAq+\ng5TNKqdXBWoxBZURM4dvOTyzwAa+lBNuKCYqHZOIC9QDVzloE8dJtCx647qQJlyC\n2z8ifQECgYEA1jxV91CodTXvVnBawQKbcD7F1b3TzftRkqLlxq4xSysKNZIz53mW\nWRiXaHsJhh3FrZW3944lD3Hkw3OBIDjusep8avn+4bEQ3WG3E3HHaZovpLo8bQ75\n9+P2i8pppQEy4TnLMHn2NadtAXUa6MN/fxrL9wuq81MJvHbtLjp6s7MCgYEA5OqV\nWnk2fZklWYr7uW5TiNJbzl208oqyWw3IDQf9Bfm6EU2ObHii2uDtoIWh4wyqbErO\nsjdIx5K40BvaDti5M3m1X/3rUY0bD7lClBOEfwNIdsu4Nv3fRpPJLkbvJ3+yY/oV\nhSYgcWPwkGiY/W/t9Cifl7gN4ZjFyxPjgDgyTbkCgYANY7f7vQ7KRJSw0lTZu0/7\ns/CpazPRq+NtRsEVqc1q5UW+E2UrEm5TIzZTUV1HBJVWRAU7c6bdUED79jwbx3Mj\nq4QbK4TClk53h6PpkzLjZr+TjBA6wLTeyWCfXAc+SNTlPrd0UCsTL2Ogs7D62z0c\ntJAK4K/OhWIWZVhtizogAQKBgQDK8ys8zhBAZCFX9L9d0/FdcVqRaES/b7XWwi4l\nV3q87H1JT+BATOfdc+NZGIDBIn6Jif0cxaTRw0P0xWybEwuHFpV2KFGTuK1QUGg1\njeQ/EzMQl2aX4pYsJWQMkjj/ZNhMiPDBXl8PCJLEBOf2cWCewdFUGoq8As0BUX22\nNJxsiQKBgGolJoVqbTWWA3SuUXrdsxFhETqy0gQELQWHc/gQvlqigZqA7/NhGBuR\nxFiDSU2TN5iY8MGISyampqOmj2vq1Rev/54NQrVrrOlBowvBEolaZ9zlBSLOZNps\nn3Iwzhwf29fn9rcXwgIe5UFG6SuXTYSd6O9c/lQvwKN/TeFHHaXV\n-----END RSA PRIVATE KEY-----\n",
      "type": "string",
      "sensitive": true
    }
  },
  "resources": [
    {
      "mode": "data",
      "type": "aws_caller_identity",
      "name": "current",
      "provider": "provider[\"registry.terraform.io/hashicorp/aws\"]",
      "instances": [
        {
          "schema_version": 0,
          "attributes": {
            "account_id": "084828561107",
            "arn": "arn:aws:iam::084828561107:user/cicd",
            "id": "084828561107",
            "user_id": "AIDARHQBND3J7JWRAMMQ6"
          },
          "sensitive_attributes": []
        }
      ]
    },
    {
      "mode": "managed",
      "type": "aws_codedeploy_app",
      "name": "istory-app",
      "provider": "provider[\"registry.terraform.io/hashicorp/aws\"]",
      "instances": [
        {
          "schema_version": 0,
          "attributes": {
            "application_id": "365fb4a2-205e-400b-b640-a2d7c93b9082",
            "arn": "arn:aws:codedeploy:ap-northeast-2:084828561107:application:istory-app",
            "compute_platform": "Server",
            "github_account_name": "",
            "id": "365fb4a2-205e-400b-b640-a2d7c93b9082:istory-app",
            "linked_to_github": false,
            "name": "istory-app",
            "tags": {},
            "tags_all": {}
          },
          "sensitive_attributes": [],
          "private": "bnVsbA=="
        }
      ]
    },
    {
      "mode": "managed",
      "type": "aws_codedeploy_deployment_group",
      "name": "istory-deploy_group",
      "provider": "provider[\"registry.terraform.io/hashicorp/aws\"]",
      "instances": [
        {
          "schema_version": 0,
          "attributes": {
            "alarm_configuration": [],
            "app_name": "istory-app",
            "arn": "arn:aws:codedeploy:ap-northeast-2:084828561107:deploymentgroup:istory-app/istory-deploy-group",
            "auto_rollback_configuration": [
              {
                "enabled": true,
                "events": [
                  "DEPLOYMENT_FAILURE"
                ]
              }
            ],
            "autoscaling_groups": null,
            "blue_green_deployment_config": [],
            "compute_platform": "Server",
            "deployment_config_name": "CodeDeployDefault.OneAtATime",
            "deployment_group_id": "cf317dbc-f7e1-4d5a-81c3-f89a1ed21a6c",
            "deployment_group_name": "istory-deploy-group",
            "deployment_style": [
              {
                "deployment_option": "WITHOUT_TRAFFIC_CONTROL",
                "deployment_type": "IN_PLACE"
              }
            ],
            "ec2_tag_filter": [],
            "ec2_tag_set": [
              {
                "ec2_tag_filter": [
                  {
                    "key": "Environment",
                    "type": "KEY_AND_VALUE",
                    "value": "Development"
                  }
                ]
              }
            ],
            "ecs_service": [],
            "id": "cf317dbc-f7e1-4d5a-81c3-f89a1ed21a6c",
            "load_balancer_info": [],
            "on_premises_instance_tag_filter": [],
            "outdated_instances_strategy": "UPDATE",
            "service_role_arn": "arn:aws:iam::084828561107:role/CodeDeployServiceRole",
            "tags": null,
            "tags_all": {},
            "termination_hook_enabled": false,
            "trigger_configuration": []
          },
          "sensitive_attributes": [],
          "private": "bnVsbA==",
          "dependencies": [
            "aws_codedeploy_app.istory-app",
            "aws_iam_role.codedeploy_service_role"
          ]
        }
      ]
    },
    {
      "mode": "managed",
      "type": "aws_db_subnet_group",
      "name": "istory_db_subnet_group",
      "provider": "provider[\"registry.terraform.io/hashicorp/aws\"]",
      "instances": [
        {
          "schema_version": 0,
          "attributes": {
            "arn": "arn:aws:rds:ap-northeast-2:084828561107:subgrp:istory-db-subnet-group",
            "description": "Managed by Terraform",
            "id": "istory-db-subnet-group",
            "name": "istory-db-subnet-group",
            "name_prefix": "",
            "subnet_ids": [
              "subnet-06cf83ce5f0f272f9",
              "subnet-09a4b54c506c6a922",
              "subnet-0bcb6372127f6d875",
              "subnet-0c28bb0f31da0981d"
            ],
            "supported_network_types": [
              "IPV4"
            ],
            "tags": {
              "Name": "istory DB subnet group"
            },
            "tags_all": {
              "Name": "istory DB subnet group"
            },
            "vpc_id": "vpc-06d746bec63728602"
          },
          "sensitive_attributes": [],
          "private": "bnVsbA==",
          "dependencies": [
            "aws_subnet.dangtong-vpc-public-subnet",
            "aws_vpc.dangtong-vpc"
          ]
        }
      ]
    },
    {
      "mode": "managed",
      "type": "aws_iam_role",
      "name": "codedeploy_service_role",
      "provider": "provider[\"registry.terraform.io/hashicorp/aws\"]",
      "instances": [
        {
          "schema_version": 0,
          "attributes": {
            "arn": "arn:aws:iam::084828561107:role/CodeDeployServiceRole",
            "assume_role_policy": "{\"Statement\":[{\"Action\":\"sts:AssumeRole\",\"Effect\":\"Allow\",\"Principal\":{\"Service\":\"codedeploy.amazonaws.com\"}}],\"Version\":\"2012-10-17\"}",
            "create_date": "2025-03-21T09:30:30Z",
            "description": "",
            "force_detach_policies": false,
            "id": "CodeDeployServiceRole",
            "inline_policy": [],
            "managed_policy_arns": [],
            "max_session_duration": 3600,
            "name": "CodeDeployServiceRole",
            "name_prefix": "",
            "path": "/",
            "permissions_boundary": "",
            "tags": {
              "Name": "codedeploy-service-role"
            },
            "tags_all": {
              "Name": "codedeploy-service-role"
            },
            "unique_id": "AROARHQBND3JTEV65WTKX"
          },
          "sensitive_attributes": [],
          "private": "bnVsbA=="
        }
      ]
    },
    {
      "mode": "managed",
      "type": "aws_iam_role",
      "name": "ec2_codedeploy_role",
      "provider": "provider[\"registry.terraform.io/hashicorp/aws\"]",
      "instances": [
        {
          "schema_version": 0,
          "attributes": {
            "arn": "arn:aws:iam::084828561107:role/EC2CodeDeployRole",
            "assume_role_policy": "{\"Statement\":[{\"Action\":\"sts:AssumeRole\",\"Effect\":\"Allow\",\"Principal\":{\"Service\":\"ec2.amazonaws.com\"}}],\"Version\":\"2012-10-17\"}",
            "create_date": "2025-03-21T09:30:30Z",
            "description": "",
            "force_detach_policies": false,
            "id": "EC2CodeDeployRole",
            "inline_policy": [],
            "managed_policy_arns": [],
            "max_session_duration": 3600,
            "name": "EC2CodeDeployRole",
            "name_prefix": "",
            "path": "/",
            "permissions_boundary": "",
            "tags": {
              "Name": "ec2-codedeploy-role"
            },
            "tags_all": {
              "Name": "ec2-codedeploy-role"
            },
            "unique_id": "AROARHQBND3J24FOU5OYS"
          },
          "sensitive_attributes": [],
          "private": "bnVsbA=="
        }
      ]
    },
    {
      "mode": "managed",
      "type": "aws_iam_role_policy_attachment",
      "name": "codedeploy_service",
      "provider": "provider[\"registry.terraform.io/hashicorp/aws\"]",
      "instances": [
        {
          "schema_version": 0,
          "attributes": {
            "id": "CodeDeployServiceRole-20250321093031281100000001",
            "policy_arn": "arn:aws:iam::aws:policy/service-role/AWSCodeDeployRole",
            "role": "CodeDeployServiceRole"
          },
          "sensitive_attributes": [],
          "private": "bnVsbA==",
          "dependencies": [
            "aws_iam_role.codedeploy_service_role"
          ]
        }
      ]
    },
    {
      "mode": "managed",
      "type": "aws_iam_role_policy_attachment",
      "name": "ec2_codedeploy",
      "provider": "provider[\"registry.terraform.io/hashicorp/aws\"]",
      "instances": [
        {
          "schema_version": 0,
          "attributes": {
            "id": "EC2CodeDeployRole-20250321093031330600000002",
            "policy_arn": "arn:aws:iam::aws:policy/service-role/AWSCodeDeployRole",
            "role": "EC2CodeDeployRole"
          },
          "sensitive_attributes": [],
          "private": "bnVsbA==",
          "dependencies": [
            "aws_iam_role.ec2_codedeploy_role"
          ]
        }
      ]
    },
    {
      "mode": "managed",
      "type": "aws_iam_role_policy_attachment",
      "name": "ec2_codedeploy_s3",
      "provider": "provider[\"registry.terraform.io/hashicorp/aws\"]",
      "instances": [
        {
          "schema_version": 0,
          "attributes": {
            "id": "EC2CodeDeployRole-20250321093031661300000003",
            "policy_arn": "arn:aws:iam::aws:policy/AmazonS3ReadOnlyAccess",
            "role": "EC2CodeDeployRole"
          },
          "sensitive_attributes": [],
          "private": "bnVsbA==",
          "dependencies": [
            "aws_iam_role.ec2_codedeploy_role"
          ]
        }
      ]
    },
    {
      "mode": "managed",
      "type": "aws_internet_gateway",
      "name": "dangtong-igw",
      "provider": "provider[\"registry.terraform.io/hashicorp/aws\"]",
      "instances": [
        {
          "schema_version": 0,
          "attributes": {
            "arn": "arn:aws:ec2:ap-northeast-2:084828561107:internet-gateway/igw-0ee09acf66c52df9e",
            "id": "igw-0ee09acf66c52df9e",
            "owner_id": "084828561107",
            "tags": {
              "Name": "dangtong-igw"
            },
            "tags_all": {
              "Name": "dangtong-igw"
            },
            "timeouts": null,
            "vpc_id": "vpc-06d746bec63728602"
          },
          "sensitive_attributes": [],
          "private": "eyJlMmJmYjczMC1lY2FhLTExZTYtOGY4OC0zNDM2M2JjN2M0YzAiOnsiY3JlYXRlIjoxMjAwMDAwMDAwMDAwLCJkZWxldGUiOjEyMDAwMDAwMDAwMDAsInVwZGF0ZSI6MTIwMDAwMDAwMDAwMH19",
          "dependencies": [
            "aws_vpc.dangtong-vpc"
          ]
        }
      ]
    },
    {
      "mode": "managed",
      "type": "aws_key_pair",
      "name": "ec2_key_pair",
      "provider": "provider[\"registry.terraform.io/hashicorp/aws\"]",
      "instances": [
        {
          "schema_version": 1,
          "attributes": {
            "arn": "arn:aws:ec2:ap-northeast-2:084828561107:key-pair/ec2-key_pair",
            "fingerprint": "54:c9:40:61:5d:7a:22:d2:ae:87:e4:ed:d7:a5:fc:d6",
            "id": "ec2-key_pair",
            "key_name": "ec2-key_pair",
            "key_name_prefix": "",
            "key_pair_id": "key-0c0ab50b3e9a2ff5d",
            "key_type": "rsa",
            "public_key": "ssh-rsa AAAAB3NzaC1yc2EAAAADAQABAAABAQC/kgyzrJULuzp8yC14XbftbQA6LMTnQe5L42exH2La9TGNipMJyd3CDmQK0v5mseb+UthZk/ioUYR/za50Jk6MCRv5N1pnJrpSkgrQLy6oEjD6RFdVf469pbmb3b8rJx4/IQ5BgFsmYSetmJAcIfFZD8hyO1DsLNrgY+b1BHIwI7UdTcE0GeLFfIbrvZ1AIMSI9gp3Dqd1BP693xzJdJUWTXu99ZS4q5i8I9a2ICg0jJqC2o+T+YyIn17aSpcHsmRJcQtS7BznNFxm860ay3M2nU8DnpB3ZeQZGAgGgVZuem14q8hDdAiinS+6zVucT7ISJW9Y5/eMJrkVI8VrrrNb",
            "tags": {},
            "tags_all": {}
          },
          "sensitive_attributes": [],
          "private": "eyJzY2hlbWFfdmVyc2lvbiI6IjEifQ==",
          "dependencies": [
            "tls_private_key.ec2_private_key"
          ]
        }
      ]
    },
    {
      "mode": "managed",
      "type": "aws_route_table",
      "name": "dangtong-vpc-public-rt",
      "provider": "provider[\"registry.terraform.io/hashicorp/aws\"]",
      "instances": [
        {
          "schema_version": 0,
          "attributes": {
            "arn": "arn:aws:ec2:ap-northeast-2:084828561107:route-table/rtb-0717792a694801d8c",
            "id": "rtb-0717792a694801d8c",
            "owner_id": "084828561107",
            "propagating_vgws": [],
            "route": [
              {
                "carrier_gateway_id": "",
                "cidr_block": "0.0.0.0/0",
                "core_network_arn": "",
                "destination_prefix_list_id": "",
                "egress_only_gateway_id": "",
                "gateway_id": "igw-0ee09acf66c52df9e",
                "ipv6_cidr_block": "",
                "local_gateway_id": "",
                "nat_gateway_id": "",
                "network_interface_id": "",
                "transit_gateway_id": "",
                "vpc_endpoint_id": "",
                "vpc_peering_connection_id": ""
              }
            ],
            "tags": {
              "Name": "dangtong-vpc-public-rt"
            },
            "tags_all": {
              "Name": "dangtong-vpc-public-rt"
            },
            "timeouts": null,
            "vpc_id": "vpc-06d746bec63728602"
          },
          "sensitive_attributes": [],
          "private": "eyJlMmJmYjczMC1lY2FhLTExZTYtOGY4OC0zNDM2M2JjN2M0YzAiOnsiY3JlYXRlIjozMDAwMDAwMDAwMDAsImRlbGV0ZSI6MzAwMDAwMDAwMDAwLCJ1cGRhdGUiOjEyMDAwMDAwMDAwMH19",
          "dependencies": [
            "aws_internet_gateway.dangtong-igw",
            "aws_vpc.dangtong-vpc"
          ]
        }
      ]
    },
    {
      "mode": "managed",
      "type": "aws_route_table_association",
      "name": "dangtong-vpc-public-rt",
      "provider": "provider[\"registry.terraform.io/hashicorp/aws\"]",
      "instances": [
        {
          "index_key": "a",
          "schema_version": 0,
          "attributes": {
            "gateway_id": "",
            "id": "rtbassoc-008d050f89634f784",
            "route_table_id": "rtb-0717792a694801d8c",
            "subnet_id": "subnet-06cf83ce5f0f272f9",
            "timeouts": null
          },
          "sensitive_attributes": [],
          "private": "eyJlMmJmYjczMC1lY2FhLTExZTYtOGY4OC0zNDM2M2JjN2M0YzAiOnsiY3JlYXRlIjozMDAwMDAwMDAwMDAsImRlbGV0ZSI6MzAwMDAwMDAwMDAwLCJ1cGRhdGUiOjEyMDAwMDAwMDAwMH19",
          "dependencies": [
            "aws_internet_gateway.dangtong-igw",
            "aws_route_table.dangtong-vpc-public-rt",
            "aws_subnet.dangtong-vpc-public-subnet",
            "aws_vpc.dangtong-vpc"
          ]
        },
        {
          "index_key": "b",
          "schema_version": 0,
          "attributes": {
            "gateway_id": "",
            "id": "rtbassoc-0c920429bee47add3",
            "route_table_id": "rtb-0717792a694801d8c",
            "subnet_id": "subnet-0bcb6372127f6d875",
            "timeouts": null
          },
          "sensitive_attributes": [],
          "private": "eyJlMmJmYjczMC1lY2FhLTExZTYtOGY4OC0zNDM2M2JjN2M0YzAiOnsiY3JlYXRlIjozMDAwMDAwMDAwMDAsImRlbGV0ZSI6MzAwMDAwMDAwMDAwLCJ1cGRhdGUiOjEyMDAwMDAwMDAwMH19",
          "dependencies": [
            "aws_internet_gateway.dangtong-igw",
            "aws_route_table.dangtong-vpc-public-rt",
            "aws_subnet.dangtong-vpc-public-subnet",
            "aws_vpc.dangtong-vpc"
          ]
        },
        {
          "index_key": "c",
          "schema_version": 0,
          "attributes": {
            "gateway_id": "",
            "id": "rtbassoc-0f919f04f66111cad",
            "route_table_id": "rtb-0717792a694801d8c",
            "subnet_id": "subnet-0c28bb0f31da0981d",
            "timeouts": null
          },
          "sensitive_attributes": [],
          "private": "eyJlMmJmYjczMC1lY2FhLTExZTYtOGY4OC0zNDM2M2JjN2M0YzAiOnsiY3JlYXRlIjozMDAwMDAwMDAwMDAsImRlbGV0ZSI6MzAwMDAwMDAwMDAwLCJ1cGRhdGUiOjEyMDAwMDAwMDAwMH19",
          "dependencies": [
            "aws_internet_gateway.dangtong-igw",
            "aws_route_table.dangtong-vpc-public-rt",
            "aws_subnet.dangtong-vpc-public-subnet",
            "aws_vpc.dangtong-vpc"
          ]
        },
        {
          "index_key": "d",
          "schema_version": 0,
          "attributes": {
            "gateway_id": "",
            "id": "rtbassoc-0b880d4a920e14b12",
            "route_table_id": "rtb-0717792a694801d8c",
            "subnet_id": "subnet-09a4b54c506c6a922",
            "timeouts": null
          },
          "sensitive_attributes": [],
          "private": "eyJlMmJmYjczMC1lY2FhLTExZTYtOGY4OC0zNDM2M2JjN2M0YzAiOnsiY3JlYXRlIjozMDAwMDAwMDAwMDAsImRlbGV0ZSI6MzAwMDAwMDAwMDAwLCJ1cGRhdGUiOjEyMDAwMDAwMDAwMH19",
          "dependencies": [
            "aws_internet_gateway.dangtong-igw",
            "aws_route_table.dangtong-vpc-public-rt",
            "aws_subnet.dangtong-vpc-public-subnet",
            "aws_vpc.dangtong-vpc"
          ]
        }
      ]
    },
    {
      "mode": "managed",
      "type": "aws_s3_bucket",
      "name": "istory-deploy-bucket",
      "provider": "provider[\"registry.terraform.io/hashicorp/aws\"]",
      "instances": [
        {
          "schema_version": 0,
          "attributes": {
            "acceleration_status": "",
            "acl": null,
            "arn": "arn:aws:s3:::istory-deploy-bucket-084828561107",
            "bucket": "istory-deploy-bucket-084828561107",
            "bucket_domain_name": "istory-deploy-bucket-084828561107.s3.amazonaws.com",
            "bucket_prefix": "",
            "bucket_regional_domain_name": "istory-deploy-bucket-084828561107.s3.ap-northeast-2.amazonaws.com",
            "cors_rule": [],
            "force_destroy": false,
            "grant": [
              {
                "id": "5be6b9ef6b5bcb9a22c0320540a30e26354a1187967d1c57572008713adff3bd",
                "permissions": [
                  "FULL_CONTROL"
                ],
                "type": "CanonicalUser",
                "uri": ""
              }
            ],
            "hosted_zone_id": "Z3W03O7B5YMIYP",
            "id": "istory-deploy-bucket-084828561107",
            "lifecycle_rule": [],
            "logging": [],
            "object_lock_configuration": [],
            "object_lock_enabled": false,
            "policy": "",
            "region": "ap-northeast-2",
            "replication_configuration": [],
            "request_payer": "BucketOwner",
            "server_side_encryption_configuration": [
              {
                "rule": [
                  {
                    "apply_server_side_encryption_by_default": [
                      {
                        "kms_master_key_id": "",
                        "sse_algorithm": "AES256"
                      }
                    ],
                    "bucket_key_enabled": false
                  }
                ]
              }
            ],
            "tags": {},
            "tags_all": {},
            "timeouts": null,
            "versioning": [
              {
                "enabled": true,
                "mfa_delete": false
              }
            ],
            "website": [],
            "website_domain": null,
            "website_endpoint": null
          },
          "sensitive_attributes": [],
          "private": "eyJlMmJmYjczMC1lY2FhLTExZTYtOGY4OC0zNDM2M2JjN2M0YzAiOnsiY3JlYXRlIjoxMjAwMDAwMDAwMDAwLCJkZWxldGUiOjM2MDAwMDAwMDAwMDAsInJlYWQiOjEyMDAwMDAwMDAwMDAsInVwZGF0ZSI6MTIwMDAwMDAwMDAwMH19",
          "dependencies": [
            "data.aws_caller_identity.current"
          ]
        }
      ]
    },
    {
      "mode": "managed",
      "type": "aws_s3_bucket_versioning",
      "name": "deploy_bucket_versioning",
      "provider": "provider[\"registry.terraform.io/hashicorp/aws\"]",
      "instances": [
        {
          "schema_version": 0,
          "attributes": {
            "bucket": "istory-deploy-bucket-084828561107",
            "expected_bucket_owner": "",
            "id": "istory-deploy-bucket-084828561107",
            "mfa": null,
            "versioning_configuration": [
              {
                "mfa_delete": "",
                "status": "Enabled"
              }
            ]
          },
          "sensitive_attributes": [],
          "private": "bnVsbA==",
          "dependencies": [
            "aws_s3_bucket.istory-deploy-bucket",
            "data.aws_caller_identity.current"
          ]
        }
      ]
    },
    {
      "mode": "managed",
      "type": "aws_security_group",
      "name": "istory_nginx_sg",
      "provider": "provider[\"registry.terraform.io/hashicorp/aws\"]",
      "instances": [
        {
          "schema_version": 1,
          "attributes": {
            "arn": "arn:aws:ec2:ap-northeast-2:084828561107:security-group/sg-01fd37c4f16d95ae2",
            "description": "Managed by Terraform",
            "egress": [
              {
                "cidr_blocks": [
                  "0.0.0.0/0"
                ],
                "description": "",
                "from_port": 0,
                "ipv6_cidr_blocks": [],
                "prefix_list_ids": [],
                "protocol": "-1",
                "security_groups": [],
                "self": false,
                "to_port": 0
              }
            ],
            "id": "sg-01fd37c4f16d95ae2",
            "ingress": [
              {
                "cidr_blocks": [
                  "0.0.0.0/0"
                ],
                "description": "Allow HTTP",
                "from_port": 80,
                "ipv6_cidr_blocks": [],
                "prefix_list_ids": [],
                "protocol": "tcp",
                "security_groups": [],
                "self": false,
                "to_port": 80
              },
              {
                "cidr_blocks": [
                  "0.0.0.0/0"
                ],
                "description": "Allow SSH",
                "from_port": 22,
                "ipv6_cidr_blocks": [],
                "prefix_list_ids": [],
                "protocol": "tcp",
                "security_groups": [],
                "self": false,
                "to_port": 22
              }
            ],
            "name": "istory nginx sg20250321091813244800000003",
            "name_prefix": "istory nginx sg",
            "owner_id": "084828561107",
            "revoke_rules_on_delete": false,
            "tags": {},
            "tags_all": {},
            "timeouts": null,
            "vpc_id": "vpc-06d746bec63728602"
          },
          "sensitive_attributes": [],
          "private": "eyJlMmJmYjczMC1lY2FhLTExZTYtOGY4OC0zNDM2M2JjN2M0YzAiOnsiY3JlYXRlIjo2MDAwMDAwMDAwMDAsImRlbGV0ZSI6OTAwMDAwMDAwMDAwfSwic2NoZW1hX3ZlcnNpb24iOiIxIn0=",
          "dependencies": [
            "aws_vpc.dangtong-vpc"
          ]
        }
      ]
    },
    {
      "mode": "managed",
      "type": "aws_security_group",
      "name": "istory_rds_sg",
      "provider": "provider[\"registry.terraform.io/hashicorp/aws\"]",
      "instances": [
        {
          "schema_version": 1,
          "attributes": {
            "arn": "arn:aws:ec2:ap-northeast-2:084828561107:security-group/sg-0cb666e62608f3660",
            "description": "Managed by Terraform",
            "egress": [
              {
                "cidr_blocks": [
                  "0.0.0.0/0"
                ],
                "description": "",
                "from_port": 0,
                "ipv6_cidr_blocks": [],
                "prefix_list_ids": [],
                "protocol": "-1",
                "security_groups": [],
                "self": false,
                "to_port": 0
              }
            ],
            "id": "sg-0cb666e62608f3660",
            "ingress": [
              {
                "cidr_blocks": [],
                "description": "Allow MySQL from EC2",
                "from_port": 3306,
                "ipv6_cidr_blocks": [],
                "prefix_list_ids": [],
                "protocol": "tcp",
                "security_groups": [
                  "sg-01fd37c4f16d95ae2"
                ],
                "self": false,
                "to_port": 3306
              }
            ],
            "name": "istory rds sg20250321091815932500000005",
            "name_prefix": "istory rds sg",
            "owner_id": "084828561107",
            "revoke_rules_on_delete": false,
            "tags": {
              "Name": "istory-rds-sg"
            },
            "tags_all": {
              "Name": "istory-rds-sg"
            },
            "timeouts": null,
            "vpc_id": "vpc-06d746bec63728602"
          },
          "sensitive_attributes": [],
          "private": "eyJlMmJmYjczMC1lY2FhLTExZTYtOGY4OC0zNDM2M2JjN2M0YzAiOnsiY3JlYXRlIjo2MDAwMDAwMDAwMDAsImRlbGV0ZSI6OTAwMDAwMDAwMDAwfSwic2NoZW1hX3ZlcnNpb24iOiIxIn0=",
          "dependencies": [
            "aws_security_group.istory_nginx_sg",
            "aws_vpc.dangtong-vpc"
          ]
        }
      ]
    },
    {
      "mode": "managed",
      "type": "aws_subnet",
      "name": "dangtong-vpc-public-subnet",
      "provider": "provider[\"registry.terraform.io/hashicorp/aws\"]",
      "instances": [
        {
          "index_key": "a",
          "schema_version": 1,
          "attributes": {
            "arn": "arn:aws:ec2:ap-northeast-2:084828561107:subnet/subnet-06cf83ce5f0f272f9",
            "assign_ipv6_address_on_creation": false,
            "availability_zone": "ap-northeast-2a",
            "availability_zone_id": "apne2-az1",
            "cidr_block": "10.0.1.0/24",
            "customer_owned_ipv4_pool": "",
            "enable_dns64": false,
            "enable_lni_at_device_index": 0,
            "enable_resource_name_dns_a_record_on_launch": false,
            "enable_resource_name_dns_aaaa_record_on_launch": false,
            "id": "subnet-06cf83ce5f0f272f9",
            "ipv6_cidr_block": "",
            "ipv6_cidr_block_association_id": "",
            "ipv6_native": false,
            "map_customer_owned_ip_on_launch": false,
            "map_public_ip_on_launch": true,
            "outpost_arn": "",
            "owner_id": "084828561107",
            "private_dns_hostname_type_on_launch": "ip-name",
            "tags": {
              "Name": "dangtong-vpc-public-subnet-a"
            },
            "tags_all": {
              "Name": "dangtong-vpc-public-subnet-a"
            },
            "timeouts": null,
            "vpc_id": "vpc-06d746bec63728602"
          },
          "sensitive_attributes": [],
          "private": "eyJlMmJmYjczMC1lY2FhLTExZTYtOGY4OC0zNDM2M2JjN2M0YzAiOnsiY3JlYXRlIjo2MDAwMDAwMDAwMDAsImRlbGV0ZSI6MTIwMDAwMDAwMDAwMH0sInNjaGVtYV92ZXJzaW9uIjoiMSJ9",
          "dependencies": [
            "aws_vpc.dangtong-vpc"
          ]
        },
        {
          "index_key": "b",
          "schema_version": 1,
          "attributes": {
            "arn": "arn:aws:ec2:ap-northeast-2:084828561107:subnet/subnet-0bcb6372127f6d875",
            "assign_ipv6_address_on_creation": false,
            "availability_zone": "ap-northeast-2b",
            "availability_zone_id": "apne2-az2",
            "cidr_block": "10.0.2.0/24",
            "customer_owned_ipv4_pool": "",
            "enable_dns64": false,
            "enable_lni_at_device_index": 0,
            "enable_resource_name_dns_a_record_on_launch": false,
            "enable_resource_name_dns_aaaa_record_on_launch": false,
            "id": "subnet-0bcb6372127f6d875",
            "ipv6_cidr_block": "",
            "ipv6_cidr_block_association_id": "",
            "ipv6_native": false,
            "map_customer_owned_ip_on_launch": false,
            "map_public_ip_on_launch": true,
            "outpost_arn": "",
            "owner_id": "084828561107",
            "private_dns_hostname_type_on_launch": "ip-name",
            "tags": {
              "Name": "dangtong-vpc-public-subnet-b"
            },
            "tags_all": {
              "Name": "dangtong-vpc-public-subnet-b"
            },
            "timeouts": null,
            "vpc_id": "vpc-06d746bec63728602"
          },
          "sensitive_attributes": [],
          "private": "eyJlMmJmYjczMC1lY2FhLTExZTYtOGY4OC0zNDM2M2JjN2M0YzAiOnsiY3JlYXRlIjo2MDAwMDAwMDAwMDAsImRlbGV0ZSI6MTIwMDAwMDAwMDAwMH0sInNjaGVtYV92ZXJzaW9uIjoiMSJ9",
          "dependencies": [
            "aws_vpc.dangtong-vpc"
          ]
        },
        {
          "index_key": "c",
          "schema_version": 1,
          "attributes": {
            "arn": "arn:aws:ec2:ap-northeast-2:084828561107:subnet/subnet-0c28bb0f31da0981d",
            "assign_ipv6_address_on_creation": false,
            "availability_zone": "ap-northeast-2c",
            "availability_zone_id": "apne2-az3",
            "cidr_block": "10.0.3.0/24",
            "customer_owned_ipv4_pool": "",
            "enable_dns64": false,
            "enable_lni_at_device_index": 0,
            "enable_resource_name_dns_a_record_on_launch": false,
            "enable_resource_name_dns_aaaa_record_on_launch": false,
            "id": "subnet-0c28bb0f31da0981d",
            "ipv6_cidr_block": "",
            "ipv6_cidr_block_association_id": "",
            "ipv6_native": false,
            "map_customer_owned_ip_on_launch": false,
            "map_public_ip_on_launch": true,
            "outpost_arn": "",
            "owner_id": "084828561107",
            "private_dns_hostname_type_on_launch": "ip-name",
            "tags": {
              "Name": "dangtong-vpc-public-subnet-c"
            },
            "tags_all": {
              "Name": "dangtong-vpc-public-subnet-c"
            },
            "timeouts": null,
            "vpc_id": "vpc-06d746bec63728602"
          },
          "sensitive_attributes": [],
          "private": "eyJlMmJmYjczMC1lY2FhLTExZTYtOGY4OC0zNDM2M2JjN2M0YzAiOnsiY3JlYXRlIjo2MDAwMDAwMDAwMDAsImRlbGV0ZSI6MTIwMDAwMDAwMDAwMH0sInNjaGVtYV92ZXJzaW9uIjoiMSJ9",
          "dependencies": [
            "aws_vpc.dangtong-vpc"
          ]
        },
        {
          "index_key": "d",
          "schema_version": 1,
          "attributes": {
            "arn": "arn:aws:ec2:ap-northeast-2:084828561107:subnet/subnet-09a4b54c506c6a922",
            "assign_ipv6_address_on_creation": false,
            "availability_zone": "ap-northeast-2d",
            "availability_zone_id": "apne2-az4",
            "cidr_block": "10.0.4.0/24",
            "customer_owned_ipv4_pool": "",
            "enable_dns64": false,
            "enable_lni_at_device_index": 0,
            "enable_resource_name_dns_a_record_on_launch": false,
            "enable_resource_name_dns_aaaa_record_on_launch": false,
            "id": "subnet-09a4b54c506c6a922",
            "ipv6_cidr_block": "",
            "ipv6_cidr_block_association_id": "",
            "ipv6_native": false,
            "map_customer_owned_ip_on_launch": false,
            "map_public_ip_on_launch": true,
            "outpost_arn": "",
            "owner_id": "084828561107",
            "private_dns_hostname_type_on_launch": "ip-name",
            "tags": {
              "Name": "dangtong-vpc-public-subnet-d"
            },
            "tags_all": {
              "Name": "dangtong-vpc-public-subnet-d"
            },
            "timeouts": null,
            "vpc_id": "vpc-06d746bec63728602"
          },
          "sensitive_attributes": [],
          "private": "eyJlMmJmYjczMC1lY2FhLTExZTYtOGY4OC0zNDM2M2JjN2M0YzAiOnsiY3JlYXRlIjo2MDAwMDAwMDAwMDAsImRlbGV0ZSI6MTIwMDAwMDAwMDAwMH0sInNjaGVtYV92ZXJzaW9uIjoiMSJ9",
          "dependencies": [
            "aws_vpc.dangtong-vpc"
          ]
        }
      ]
    },
    {
      "mode": "managed",
      "type": "aws_vpc",
      "name": "dangtong-vpc",
      "provider": "provider[\"registry.terraform.io/hashicorp/aws\"]",
      "instances": [
        {
          "schema_version": 1,
          "attributes": {
            "arn": "arn:aws:ec2:ap-northeast-2:084828561107:vpc/vpc-06d746bec63728602",
            "assign_generated_ipv6_cidr_block": false,
            "cidr_block": "10.0.0.0/16",
            "default_network_acl_id": "acl-05043bd0130052a1b",
            "default_route_table_id": "rtb-0b70d2f5d41302b11",
            "default_security_group_id": "sg-06c96b7e2b85a8875",
            "dhcp_options_id": "dopt-0e68341b7aac291f6",
            "enable_dns_hostnames": true,
            "enable_dns_support": true,
            "enable_network_address_usage_metrics": false,
            "id": "vpc-06d746bec63728602",
            "instance_tenancy": "default",
            "ipv4_ipam_pool_id": null,
            "ipv4_netmask_length": null,
            "ipv6_association_id": "",
            "ipv6_cidr_block": "",
            "ipv6_cidr_block_network_border_group": "",
            "ipv6_ipam_pool_id": "",
            "ipv6_netmask_length": 0,
            "main_route_table_id": "rtb-0b70d2f5d41302b11",
            "owner_id": "084828561107",
            "tags": {
              "Name": "dangtong-vpc"
            },
            "tags_all": {
              "Name": "dangtong-vpc"
            }
          },
          "sensitive_attributes": [],
          "private": "eyJzY2hlbWFfdmVyc2lvbiI6IjEifQ=="
        }
      ]
    },
    {
      "mode": "managed",
      "type": "tls_private_key",
      "name": "ec2_private_key",
      "provider": "provider[\"registry.terraform.io/hashicorp/tls\"]",
      "instances": [
        {
          "schema_version": 1,
          "attributes": {
            "algorithm": "RSA",
            "ecdsa_curve": "P224",
            "id": "ab40705db70a366ed28f9582fabab998e2ec7285",
            "private_key_openssh": "-----BEGIN OPENSSH PRIVATE KEY-----\nb3BlbnNzaC1rZXktdjEAAAAABG5vbmUAAAAEbm9uZQAAAAAAAAABAAABFwAAAAdz\nc2gtcnNhAAAAAwEAAQAAAQEAv5IMs6yVC7s6fMgteF237W0AOizE50HuS+NnsR9i\n2vUxjYqTCcndwg5kCtL+ZrHm/lLYWZP4qFGEf82udCZOjAkb+TdaZya6UpIK0C8u\nqBIw+kRXVX+OvaW5m92/KycePyEOQYBbJmEnrZiQHCHxWQ/IcjtQ7Cza4GPm9QRy\nMCO1HU3BNBnixXyG672dQCDEiPYKdw6ndQT+vd8cyXSVFk17vfWUuKuYvCPWtiAo\nNIyagtqPk/mMiJ9e2kqXB7JkSXELUuwc5zRcZvOtGstzNp1PA56Qd2XkGRgIBoFW\nbnpteKvIQ3QIop0vus1bnE+yEiVvWOf3jCa5FSPFa66zWwAAA7gz87ELM/OxCwAA\nAAdzc2gtcnNhAAABAQC/kgyzrJULuzp8yC14XbftbQA6LMTnQe5L42exH2La9TGN\nipMJyd3CDmQK0v5mseb+UthZk/ioUYR/za50Jk6MCRv5N1pnJrpSkgrQLy6oEjD6\nRFdVf469pbmb3b8rJx4/IQ5BgFsmYSetmJAcIfFZD8hyO1DsLNrgY+b1BHIwI7Ud\nTcE0GeLFfIbrvZ1AIMSI9gp3Dqd1BP693xzJdJUWTXu99ZS4q5i8I9a2ICg0jJqC\n2o+T+YyIn17aSpcHsmRJcQtS7BznNFxm860ay3M2nU8DnpB3ZeQZGAgGgVZuem14\nq8hDdAiinS+6zVucT7ISJW9Y5/eMJrkVI8VrrrNbAAAAAwEAAQAAAQB2X5jZrVqr\n1RVe5ZKzPbXZT/FEAUXqYCMPYYVBPVOoWLo169rPwZz1vE61IYtxiZxiqm5la7nK\nyBRHpKCXxNPkU/ylEj8aXiPjwbpMydran+MDwhb1Dcz2AuGeHndyAsn92D8m2ll4\nbbBG5G6n85FepxIFBAIM7eqRnSmpXQXyGAyM4mZWDfUZHTEDe7dWsD453VUiWKtK\nJC6VKE8vScvSBCZW5vSvqx/34ojaBznE1bfmllD6P/n5h+JGe4iR0Ap5PYxWr+fi\nOwQKvoOUzSqnVwVqMQWVETOHbzk8s8AGvpQTbigmKh2TiAvUA1c5aBPHSbQseuO6\nkCZcgts/In0BAAAAgGolJoVqbTWWA3SuUXrdsxFhETqy0gQELQWHc/gQvlqigZqA\n7/NhGBuRxFiDSU2TN5iY8MGISyampqOmj2vq1Rev/54NQrVrrOlBowvBEolaZ9zl\nBSLOZNpsn3Iwzhwf29fn9rcXwgIe5UFG6SuXTYSd6O9c/lQvwKN/TeFHHaXVAAAA\ngQDWPFX3UKh1Ne9WcFrBAptwPsXVvdPN+1GSouXGrjFLKwo1kjPneZZZGJdoewmG\nHcWtlbf3jiUPceTDc4EgOO6x6nxq+f7hsRDdYbcTccdpmi+kujxtDvn34/aLymml\nATLhOcswefY1p20BdRrow39/Gsv3C6rzUwm8du0uOnqzswAAAIEA5OqVWnk2fZkl\nWYr7uW5TiNJbzl208oqyWw3IDQf9Bfm6EU2ObHii2uDtoIWh4wyqbErOsjdIx5K4\n0BvaDti5M3m1X/3rUY0bD7lClBOEfwNIdsu4Nv3fRpPJLkbvJ3+yY/oVhSYgcWPw\nkGiY/W/t9Cifl7gN4ZjFyxPjgDgyTbkAAAAAAQID\n-----END OPENSSH PRIVATE KEY-----\n",
            "private_key_pem": "-----BEGIN RSA PRIVATE KEY-----\nMIIEowIBAAKCAQEAv5IMs6yVC7s6fMgteF237W0AOizE50HuS+NnsR9i2vUxjYqT\nCcndwg5kCtL+ZrHm/lLYWZP4qFGEf82udCZOjAkb+TdaZya6UpIK0C8uqBIw+kRX\nVX+OvaW5m92/KycePyEOQYBbJmEnrZiQHCHxWQ/IcjtQ7Cza4GPm9QRyMCO1HU3B\nNBnixXyG672dQCDEiPYKdw6ndQT+vd8cyXSVFk17vfWUuKuYvCPWtiAoNIyagtqP\nk/mMiJ9e2kqXB7JkSXELUuwc5zRcZvOtGstzNp1PA56Qd2XkGRgIBoFWbnpteKvI\nQ3QIop0vus1bnE+yEiVvWOf3jCa5FSPFa66zWwIDAQABAoIBAHZfmNmtWqvVFV7l\nkrM9tdlP8UQBRepgIw9hhUE9U6hYujXr2s/BnPW8TrUhi3GJnGKqbmVrucrIFEek\noJfE0+RT/KUSPxpeI+PBukzJ2tqf4wPCFvUNzPYC4Z4ed3ICyf3YPybaWXhtsEbk\nbqfzkV6nEgUEAgzt6pGdKaldBfIYDIziZlYN9RkdMQN7t1awPjndVSJYq0okLpUo\nTy9Jy9IEJlbm9K+rH/fiiNoHOcTVt+aWUPo/+fmH4kZ7iJHQCnk9jFav5+I7BAq+\ng5TNKqdXBWoxBZURM4dvOTyzwAa+lBNuKCYqHZOIC9QDVzloE8dJtCx647qQJlyC\n2z8ifQECgYEA1jxV91CodTXvVnBawQKbcD7F1b3TzftRkqLlxq4xSysKNZIz53mW\nWRiXaHsJhh3FrZW3944lD3Hkw3OBIDjusep8avn+4bEQ3WG3E3HHaZovpLo8bQ75\n9+P2i8pppQEy4TnLMHn2NadtAXUa6MN/fxrL9wuq81MJvHbtLjp6s7MCgYEA5OqV\nWnk2fZklWYr7uW5TiNJbzl208oqyWw3IDQf9Bfm6EU2ObHii2uDtoIWh4wyqbErO\nsjdIx5K40BvaDti5M3m1X/3rUY0bD7lClBOEfwNIdsu4Nv3fRpPJLkbvJ3+yY/oV\nhSYgcWPwkGiY/W/t9Cifl7gN4ZjFyxPjgDgyTbkCgYANY7f7vQ7KRJSw0lTZu0/7\ns/CpazPRq+NtRsEVqc1q5UW+E2UrEm5TIzZTUV1HBJVWRAU7c6bdUED79jwbx3Mj\nq4QbK4TClk53h6PpkzLjZr+TjBA6wLTeyWCfXAc+SNTlPrd0UCsTL2Ogs7D62z0c\ntJAK4K/OhWIWZVhtizogAQKBgQDK8ys8zhBAZCFX9L9d0/FdcVqRaES/b7XWwi4l\nV3q87H1JT+BATOfdc+NZGIDBIn6Jif0cxaTRw0P0xWybEwuHFpV2KFGTuK1QUGg1\njeQ/EzMQl2aX4pYsJWQMkjj/ZNhMiPDBXl8PCJLEBOf2cWCewdFUGoq8As0BUX22\nNJxsiQKBgGolJoVqbTWWA3SuUXrdsxFhETqy0gQELQWHc/gQvlqigZqA7/NhGBuR\nxFiDSU2TN5iY8MGISyampqOmj2vq1Rev/54NQrVrrOlBowvBEolaZ9zlBSLOZNps\nn3Iwzhwf29fn9rcXwgIe5UFG6SuXTYSd6O9c/lQvwKN/TeFHHaXV\n-----END RSA PRIVATE KEY-----\n",
            "private_key_pem_pkcs8": "-----BEGIN PRIVATE KEY-----\nMIIEvQIBADANBgkqhkiG9w0BAQEFAASCBKcwggSjAgEAAoIBAQC/kgyzrJULuzp8\nyC14XbftbQA6LMTnQe5L42exH2La9TGNipMJyd3CDmQK0v5mseb+UthZk/ioUYR/\nza50Jk6MCRv5N1pnJrpSkgrQLy6oEjD6RFdVf469pbmb3b8rJx4/IQ5BgFsmYSet\nmJAcIfFZD8hyO1DsLNrgY+b1BHIwI7UdTcE0GeLFfIbrvZ1AIMSI9gp3Dqd1BP69\n3xzJdJUWTXu99ZS4q5i8I9a2ICg0jJqC2o+T+YyIn17aSpcHsmRJcQtS7BznNFxm\n860ay3M2nU8DnpB3ZeQZGAgGgVZuem14q8hDdAiinS+6zVucT7ISJW9Y5/eMJrkV\nI8VrrrNbAgMBAAECggEAdl+Y2a1aq9UVXuWSsz212U/xRAFF6mAjD2GFQT1TqFi6\nNevaz8Gc9bxOtSGLcYmcYqpuZWu5ysgUR6Sgl8TT5FP8pRI/Gl4j48G6TMna2p/j\nA8IW9Q3M9gLhnh53cgLJ/dg/JtpZeG2wRuRup/ORXqcSBQQCDO3qkZ0pqV0F8hgM\njOJmVg31GR0xA3u3VrA+Od1VIlirSiQulShPL0nL0gQmVub0r6sf9+KI2gc5xNW3\n5pZQ+j/5+YfiRnuIkdAKeT2MVq/n4jsECr6DlM0qp1cFajEFlREzh285PLPABr6U\nE24oJiodk4gL1ANXOWgTx0m0LHrjupAmXILbPyJ9AQKBgQDWPFX3UKh1Ne9WcFrB\nAptwPsXVvdPN+1GSouXGrjFLKwo1kjPneZZZGJdoewmGHcWtlbf3jiUPceTDc4Eg\nOO6x6nxq+f7hsRDdYbcTccdpmi+kujxtDvn34/aLymmlATLhOcswefY1p20BdRro\nw39/Gsv3C6rzUwm8du0uOnqzswKBgQDk6pVaeTZ9mSVZivu5blOI0lvOXbTyirJb\nDcgNB/0F+boRTY5seKLa4O2ghaHjDKpsSs6yN0jHkrjQG9oO2LkzebVf/etRjRsP\nuUKUE4R/A0h2y7g2/d9Gk8kuRu8nf7Jj+hWFJiBxY/CQaJj9b+30KJ+XuA3hmMXL\nE+OAODJNuQKBgA1jt/u9DspElLDSVNm7T/uz8KlrM9Gr421GwRWpzWrlRb4TZSsS\nblMjNlNRXUcElVZEBTtzpt1QQPv2PBvHcyOrhBsrhMKWTneHo+mTMuNmv5OMEDrA\ntN7JYJ9cBz5I1OU+t3RQKxMvY6CzsPrbPRy0kArgr86FYhZlWG2LOiABAoGBAMrz\nKzzOEEBkIVf0v13T8V1xWpFoRL9vtdbCLiVXerzsfUlP4EBM591z41kYgMEifomJ\n/RzFpNHDQ/TFbJsTC4cWlXYoUZO4rVBQaDWN5D8TMxCXZpfiliwlZAySOP9k2EyI\n8MFeXw8IksQE5/ZxYJ7B0VQairwCzQFRfbY0nGyJAoGAaiUmhWptNZYDdK5Ret2z\nEWEROrLSBAQtBYdz+BC+WqKBmoDv82EYG5HEWINJTZM3mJjwwYhLJqamo6aPa+rV\nF6//ng1CtWus6UGjC8ESiVpn3OUFIs5k2myfcjDOHB/b1+f2txfCAh7lQUbpK5dN\nhJ3o71z+VC/Ao39N4UcdpdU=\n-----END PRIVATE KEY-----\n",
            "public_key_fingerprint_md5": "02:46:76:e5:db:72:c1:1a:5f:ba:77:a3:2e:21:93:76",
            "public_key_fingerprint_sha256": "SHA256:jkpnmkMtSXvRj0ltFDPVbEdKZuRkvvS2cLM3BvU8q+0",
            "public_key_openssh": "ssh-rsa AAAAB3NzaC1yc2EAAAADAQABAAABAQC/kgyzrJULuzp8yC14XbftbQA6LMTnQe5L42exH2La9TGNipMJyd3CDmQK0v5mseb+UthZk/ioUYR/za50Jk6MCRv5N1pnJrpSkgrQLy6oEjD6RFdVf469pbmb3b8rJx4/IQ5BgFsmYSetmJAcIfFZD8hyO1DsLNrgY+b1BHIwI7UdTcE0GeLFfIbrvZ1AIMSI9gp3Dqd1BP693xzJdJUWTXu99ZS4q5i8I9a2ICg0jJqC2o+T+YyIn17aSpcHsmRJcQtS7BznNFxm860ay3M2nU8DnpB3ZeQZGAgGgVZuem14q8hDdAiinS+6zVucT7ISJW9Y5/eMJrkVI8VrrrNb\n",
            "public_key_pem": "-----BEGIN PUBLIC KEY-----\nMIIBIjANBgkqhkiG9w0BAQEFAAOCAQ8AMIIBCgKCAQEAv5IMs6yVC7s6fMgteF23\n7W0AOizE50HuS+NnsR9i2vUxjYqTCcndwg5kCtL+ZrHm/lLYWZP4qFGEf82udCZO\njAkb+TdaZya6UpIK0C8uqBIw+kRXVX+OvaW5m92/KycePyEOQYBbJmEnrZiQHCHx\nWQ/IcjtQ7Cza4GPm9QRyMCO1HU3BNBnixXyG672dQCDEiPYKdw6ndQT+vd8cyXSV\nFk17vfWUuKuYvCPWtiAoNIyagtqPk/mMiJ9e2kqXB7JkSXELUuwc5zRcZvOtGstz\nNp1PA56Qd2XkGRgIBoFWbnpteKvIQ3QIop0vus1bnE+yEiVvWOf3jCa5FSPFa66z\nWwIDAQAB\n-----END PUBLIC KEY-----\n",
            "rsa_bits": 2048
          },
          "sensitive_attributes": [
            [
              {
                "type": "get_attr",
                "value": "private_key_openssh"
              }
            ],
            [
              {
                "type": "get_attr",
                "value": "private_key_pem"
              }
            ],
            [
              {
                "type": "get_attr",
                "value": "private_key_pem_pkcs8"
              }
            ]
          ]
        }
      ]
    }
  ],
  "check_results": null
}
