{
  "version": 4,
  "terraform_version": "1.11.2",
  "serial": 30,
  "lineage": "f106b971-8fe7-1081-9f69-317a0f4d5378",
  "outputs": {
    "codedeploy_app_name": {
      "value": "istory-app",
      "type": "string"
    },
    "codedeploy_deployment_group_name": {
      "value": "istory-deploy-group",
      "type": "string"
    },
    "dev_istory_nginx_instance_public_ip": {
      "value": "3.34.51.35",
      "type": "string"
    },
    "istory-deploy-bucket_name": {
      "value": "istory-deploy-bucket-084828561107",
      "type": "string"
    },
    "rds_database_name": {
      "value": "istory",
      "type": "string"
    },
    "rds_endpoint": {
      "value": "istory-db.czm8suwcswqc.ap-northeast-2.rds.amazonaws.com:3306",
      "type": "string"
    },
    "rds_username": {
      "value": "user",
      "type": "string"
    },
    "ssh_private_key_pem": {
      "value": "-----BEGIN RSA PRIVATE KEY-----\nMIIEpAIBAAKCAQEAs8HwtafJqAp2hfbFlChTFWb7CyRPCsKBPGSu4ujo6djucEuC\nV6D59VAgpu7UjKgS8vrMUmmlHwnvmgyjtluP6logetH5ZEHN3u8RAo7nCcooD2p9\npsMDXJY3+cM1W4m9wZRNADqh+93DhfDZdk4V0nEOxrLsIMmGJ/OsRwI/URPD+PgN\nTBrIHE2r2/RmijLlvRqHl5XDQneVGCxttozpj5pd68D3C2FKpJvLJnPy0Mfze71U\n/F9JZ4pvzVODbvegG8I+HeJ71qMXBvdElcCXmuPjxsZVyOhBafxaMSIteWDlMEac\ncYUu1tJrihPtnj/qS26wztRpj5gS3ft6w9X+QQIDAQABAoIBAAvAFbgKK8hsRqsj\nIm8445V2kdp8mR4e8Mu92SDEENWYdJ2qke6gezZp8nh3DDXVlseDVW/dsAmDYMI1\nKU52VcX/9jeRGjhPhOGZxwbfyIJ/UHcRgv0vqjyXJTmSZR6CtoC87Pui2YvZRzqu\nL8jn+c0zzr92WrEZ+0cJSq2pm/H0uKfVUNvoRHik2iubuXXYyevcod93SoK9hPIZ\n+up9s/yvkKv78G54gpTY0oUULd3f63F1FvhhWqC105BXNiBuiNb7r9bR39LQQxQt\nws0EspepJQc/Lxusk59X0BZg6jkDHKVqTJPYIuB38FcggtKx2uHTtnqLOh2mSgAU\ngLZIf0ECgYEA6gy/D7z/srd/hHNiPdPlkHbJnEb608XYPhgXOY4roIhBRZqun66v\nmOlmaq6jiDpnqoa5XvDF1ASNlu/MxMa+91NgLEJSSe4W2KjHd7E8bgOROEitfHld\ntd328tD6FA32N1I60T8XO7KBUBvkPwH7xQX6ep5as60gN1Y2qEd63+0CgYEAxJ20\nDItz+s6ds7DiK3yPzAh+eFYIiBrbmAnye9aYWlXGume+LaCFpmpzzRzSZD/626N5\nia1nFSx2QeiYSROBfLXyRktTkAtw4ZktO2WfMiy7UsoYeBga9ettaloe+vKgmcHn\nV54wW1KFKsi6M8wIDhrAcZKdSVAohVaeSo0EBSUCgYEArWYoH1bc8eE1HkIF5Nya\nVX9MOvXzWvZXERn0CvYjqFmKUjEZcsCO4/D3qc4c5g6vQw1xRL+JMVz2MX8T7C16\nye4BcIjqQk+cqYPR1AGBTdhivJpLvc6E+PqrvJXK0RTO94l6fhAJ/HZxi5I+ddfY\nWc3mFvY/KKL5HUZIVEAw7rkCgYBWy5OHEizB5GIjyAsfzV4hYQKLltcvVkPoa0O7\nPXGGN2WCNnfy5nD5lPbH7lhGXyQbv5/Qklb2NumBkO9hGxZHen6YX3plFVfgj2Ez\nXloXqT2Mf6Crq2CDfUmQ8HXKrD8PgVTiDfgk6FnXGENyyDgqGc8ok+ORUKyCqEk6\neePzbQKBgQChKpWxGUUBJo35HrE3AE1cfTveJkE012SRcSaHNCRr070Eii2lFirX\n+b+8WJmMCDTS7WnVrdGBvB43XtqBY1RO4K7U4AJIoTTW0Flxvaaz+HV/ljO+RRt/\nkV8ffQWrw74UDu845ADfD5Hnp+WulKnfsyE+yZLisX5UbIrW4dnffw==\n-----END RSA PRIVATE KEY-----\n",
      "type": "string",
      "sensitive": true
    }
  },
  "resources": [
    {
      "mode": "data",
      "type": "aws_caller_identity",
      "name": "current",
      "provider": "provider[\"registry.terraform.io/hashicorp/aws\"]",
      "instances": [
        {
          "schema_version": 0,
          "attributes": {
            "account_id": "084828561107",
            "arn": "arn:aws:iam::084828561107:user/cicd",
            "id": "084828561107",
            "user_id": "AIDARHQBND3J7JWRAMMQ6"
          },
          "sensitive_attributes": []
        }
      ]
    },
    {
      "mode": "managed",
      "type": "aws_codedeploy_app",
      "name": "istory-app",
      "provider": "provider[\"registry.terraform.io/hashicorp/aws\"]",
      "instances": [
        {
          "schema_version": 0,
          "attributes": {
            "application_id": "9997bdee-7810-49eb-bac8-1603e5d23466",
            "arn": "arn:aws:codedeploy:ap-northeast-2:084828561107:application:istory-app",
            "compute_platform": "Server",
            "github_account_name": "",
            "id": "9997bdee-7810-49eb-bac8-1603e5d23466:istory-app",
            "linked_to_github": false,
            "name": "istory-app",
            "tags": null,
            "tags_all": {}
          },
          "sensitive_attributes": [],
          "private": "bnVsbA=="
        }
      ]
    },
    {
      "mode": "managed",
      "type": "aws_codedeploy_deployment_group",
      "name": "istory-deploy_group",
      "provider": "provider[\"registry.terraform.io/hashicorp/aws\"]",
      "instances": [
        {
          "schema_version": 0,
          "attributes": {
            "alarm_configuration": [],
            "app_name": "istory-app",
            "arn": "arn:aws:codedeploy:ap-northeast-2:084828561107:deploymentgroup:istory-app/istory-deploy-group",
            "auto_rollback_configuration": [
              {
                "enabled": true,
                "events": [
                  "DEPLOYMENT_FAILURE"
                ]
              }
            ],
            "autoscaling_groups": null,
            "blue_green_deployment_config": [],
            "compute_platform": "Server",
            "deployment_config_name": "CodeDeployDefault.OneAtATime",
            "deployment_group_id": "f82110e4-9eaa-442b-8819-83e9d03f8f07",
            "deployment_group_name": "istory-deploy-group",
            "deployment_style": [
              {
                "deployment_option": "WITHOUT_TRAFFIC_CONTROL",
                "deployment_type": "IN_PLACE"
              }
            ],
            "ec2_tag_filter": [],
            "ec2_tag_set": [
              {
                "ec2_tag_filter": [
                  {
                    "key": "Environment",
                    "type": "KEY_AND_VALUE",
                    "value": "Development"
                  }
                ]
              }
            ],
            "ecs_service": [],
            "id": "f82110e4-9eaa-442b-8819-83e9d03f8f07",
            "load_balancer_info": [],
            "on_premises_instance_tag_filter": [],
            "outdated_instances_strategy": "UPDATE",
            "service_role_arn": "arn:aws:iam::084828561107:role/CodeDeployServiceRole",
            "tags": null,
            "tags_all": {},
            "termination_hook_enabled": false,
            "trigger_configuration": []
          },
          "sensitive_attributes": [],
          "private": "bnVsbA==",
          "dependencies": [
            "aws_codedeploy_app.istory-app",
            "aws_iam_role.codedeploy_service_role"
          ]
        }
      ]
    },
    {
      "mode": "managed",
      "type": "aws_db_instance",
      "name": "istory_db",
      "provider": "provider[\"registry.terraform.io/hashicorp/aws\"]",
      "instances": [
        {
          "schema_version": 2,
          "attributes": {
            "address": "istory-db.czm8suwcswqc.ap-northeast-2.rds.amazonaws.com",
            "allocated_storage": 20,
            "allow_major_version_upgrade": null,
            "apply_immediately": false,
            "arn": "arn:aws:rds:ap-northeast-2:084828561107:db:istory-db",
            "auto_minor_version_upgrade": true,
            "availability_zone": "ap-northeast-2b",
            "backup_retention_period": 7,
            "backup_target": "region",
            "backup_window": "03:00-04:00",
            "blue_green_update": [],
            "ca_cert_identifier": "rds-ca-rsa2048-g1",
            "character_set_name": "",
            "copy_tags_to_snapshot": false,
            "custom_iam_instance_profile": "",
            "customer_owned_ip_enabled": false,
            "database_insights_mode": "standard",
            "db_name": "istory",
            "db_subnet_group_name": "istory-db-subnet-group",
            "dedicated_log_volume": false,
            "delete_automated_backups": true,
            "deletion_protection": false,
            "domain": "",
            "domain_auth_secret_arn": "",
            "domain_dns_ips": null,
            "domain_fqdn": "",
            "domain_iam_role_name": "",
            "domain_ou": "",
            "enabled_cloudwatch_logs_exports": null,
            "endpoint": "istory-db.czm8suwcswqc.ap-northeast-2.rds.amazonaws.com:3306",
            "engine": "mysql",
            "engine_lifecycle_support": "open-source-rds-extended-support",
            "engine_version": "8.0",
            "engine_version_actual": "8.0.40",
            "final_snapshot_identifier": null,
            "hosted_zone_id": "ZLA2NUCOLGUUR",
            "iam_database_authentication_enabled": false,
            "id": "db-L2EOM4BW76TDT5YEFSZQGFJMF4",
            "identifier": "istory-db",
            "identifier_prefix": "",
            "instance_class": "db.t3.micro",
            "iops": 0,
            "kms_key_id": "",
            "latest_restorable_time": "2025-03-22T06:10:02Z",
            "license_model": "general-public-license",
            "listener_endpoint": [],
            "maintenance_window": "mon:04:00-mon:05:00",
            "manage_master_user_password": null,
            "master_user_secret": [],
            "master_user_secret_kms_key_id": null,
            "max_allocated_storage": 0,
            "monitoring_interval": 0,
            "monitoring_role_arn": "",
            "multi_az": false,
            "nchar_character_set_name": "",
            "network_type": "IPV4",
            "option_group_name": "default:mysql-8-0",
            "parameter_group_name": "istory-db-parameter-group",
            "password": "user12345",
            "password_wo": null,
            "password_wo_version": null,
            "performance_insights_enabled": false,
            "performance_insights_kms_key_id": "",
            "performance_insights_retention_period": 0,
            "port": 3306,
            "publicly_accessible": false,
            "replica_mode": "",
            "replicas": [],
            "replicate_source_db": "",
            "resource_id": "db-L2EOM4BW76TDT5YEFSZQGFJMF4",
            "restore_to_point_in_time": [],
            "s3_import": [],
            "skip_final_snapshot": true,
            "snapshot_identifier": null,
            "status": "available",
            "storage_encrypted": false,
            "storage_throughput": 0,
            "storage_type": "gp2",
            "tags": {
              "Environment": "Development",
              "Name": "istory"
            },
            "tags_all": {
              "Environment": "Development",
              "Name": "istory"
            },
            "timeouts": null,
            "timezone": "",
            "upgrade_storage_config": null,
            "username": "user",
            "vpc_security_group_ids": [
              "sg-0d1d7d110f818d7e9"
            ]
          },
          "sensitive_attributes": [
            [
              {
                "type": "get_attr",
                "value": "password_wo"
              }
            ],
            [
              {
                "type": "get_attr",
                "value": "password"
              }
            ]
          ],
          "private": "eyJlMmJmYjczMC1lY2FhLTExZTYtOGY4OC0zNDM2M2JjN2M0YzAiOnsiY3JlYXRlIjozMDAwMDAwMDAwMDAwLCJkZWxldGUiOjM2MDAwMDAwMDAwMDAsInVwZGF0ZSI6NDgwMDAwMDAwMDAwMH0sInNjaGVtYV92ZXJzaW9uIjoiMiJ9",
          "dependencies": [
            "aws_db_parameter_group.istory_db_parameter_group",
            "aws_db_subnet_group.istory_db_subnet_group",
            "aws_security_group.istory_nginx_sg",
            "aws_security_group.istory_rds_sg",
            "aws_subnet.dangtong-vpc-public-subnet",
            "aws_vpc.dangtong-vpc"
          ]
        }
      ]
    },
    {
      "mode": "managed",
      "type": "aws_db_parameter_group",
      "name": "istory_db_parameter_group",
      "provider": "provider[\"registry.terraform.io/hashicorp/aws\"]",
      "instances": [
        {
          "schema_version": 0,
          "attributes": {
            "arn": "arn:aws:rds:ap-northeast-2:084828561107:pg:istory-db-parameter-group",
            "description": "Managed by Terraform",
            "family": "mysql8.0",
            "id": "istory-db-parameter-group",
            "name": "istory-db-parameter-group",
            "name_prefix": "",
            "parameter": [
              {
                "apply_method": "immediate",
                "name": "character_set_client",
                "value": "utf8mb4"
              },
              {
                "apply_method": "immediate",
                "name": "character_set_server",
                "value": "utf8mb4"
              }
            ],
            "skip_destroy": false,
            "tags": null,
            "tags_all": {}
          },
          "sensitive_attributes": [],
          "private": "bnVsbA=="
        }
      ]
    },
    {
      "mode": "managed",
      "type": "aws_db_subnet_group",
      "name": "istory_db_subnet_group",
      "provider": "provider[\"registry.terraform.io/hashicorp/aws\"]",
      "instances": [
        {
          "schema_version": 0,
          "attributes": {
            "arn": "arn:aws:rds:ap-northeast-2:084828561107:subgrp:istory-db-subnet-group",
            "description": "Managed by Terraform",
            "id": "istory-db-subnet-group",
            "name": "istory-db-subnet-group",
            "name_prefix": "",
            "subnet_ids": [
              "subnet-0013bc6f270e2d0b4",
              "subnet-0397e4f875d397df8",
              "subnet-0716bf09750ace59e",
              "subnet-082dffb88fbb4c71e"
            ],
            "supported_network_types": [
              "IPV4"
            ],
            "tags": {
              "Name": "istory DB subnet group"
            },
            "tags_all": {
              "Name": "istory DB subnet group"
            },
            "vpc_id": "vpc-0c2b6a4a634b4443c"
          },
          "sensitive_attributes": [],
          "private": "bnVsbA==",
          "dependencies": [
            "aws_subnet.dangtong-vpc-public-subnet",
            "aws_vpc.dangtong-vpc"
          ]
        }
      ]
    },
    {
      "mode": "managed",
      "type": "aws_iam_instance_profile",
      "name": "ec2_profile",
      "provider": "provider[\"registry.terraform.io/hashicorp/aws\"]",
      "instances": [
        {
          "schema_version": 0,
          "attributes": {
            "arn": "arn:aws:iam::084828561107:instance-profile/EC2CodeDeployProfile",
            "create_date": "2025-03-22T06:05:29Z",
            "id": "EC2CodeDeployProfile",
            "name": "EC2CodeDeployProfile",
            "name_prefix": "",
            "path": "/",
            "role": "EC2CodeDeployRole",
            "tags": null,
            "tags_all": {},
            "unique_id": "AIPARHQBND3JXRZIHGTKI"
          },
          "sensitive_attributes": [],
          "private": "bnVsbA==",
          "dependencies": [
            "aws_iam_role.ec2_codedeploy_role"
          ]
        }
      ]
    },
    {
      "mode": "managed",
      "type": "aws_iam_role",
      "name": "codedeploy_service_role",
      "provider": "provider[\"registry.terraform.io/hashicorp/aws\"]",
      "instances": [
        {
          "schema_version": 0,
          "attributes": {
            "arn": "arn:aws:iam::084828561107:role/CodeDeployServiceRole",
            "assume_role_policy": "{\"Statement\":[{\"Action\":\"sts:AssumeRole\",\"Effect\":\"Allow\",\"Principal\":{\"Service\":\"codedeploy.amazonaws.com\"}}],\"Version\":\"2012-10-17\"}",
            "create_date": "2025-03-22T06:05:28Z",
            "description": "",
            "force_detach_policies": false,
            "id": "CodeDeployServiceRole",
            "inline_policy": [],
            "managed_policy_arns": [],
            "max_session_duration": 3600,
            "name": "CodeDeployServiceRole",
            "name_prefix": "",
            "path": "/",
            "permissions_boundary": "",
            "tags": {
              "Name": "codedeploy-service-role"
            },
            "tags_all": {
              "Name": "codedeploy-service-role"
            },
            "unique_id": "AROARHQBND3JS525AFF3Z"
          },
          "sensitive_attributes": [],
          "private": "bnVsbA=="
        }
      ]
    },
    {
      "mode": "managed",
      "type": "aws_iam_role",
      "name": "ec2_codedeploy_role",
      "provider": "provider[\"registry.terraform.io/hashicorp/aws\"]",
      "instances": [
        {
          "schema_version": 0,
          "attributes": {
            "arn": "arn:aws:iam::084828561107:role/EC2CodeDeployRole",
            "assume_role_policy": "{\"Statement\":[{\"Action\":\"sts:AssumeRole\",\"Effect\":\"Allow\",\"Principal\":{\"Service\":\"ec2.amazonaws.com\"}}],\"Version\":\"2012-10-17\"}",
            "create_date": "2025-03-22T06:05:28Z",
            "description": "",
            "force_detach_policies": false,
            "id": "EC2CodeDeployRole",
            "inline_policy": [],
            "managed_policy_arns": [],
            "max_session_duration": 3600,
            "name": "EC2CodeDeployRole",
            "name_prefix": "",
            "path": "/",
            "permissions_boundary": "",
            "tags": {
              "Name": "ec2-codedeploy-role"
            },
            "tags_all": {
              "Name": "ec2-codedeploy-role"
            },
            "unique_id": "AROARHQBND3JQM75ZQ5SM"
          },
          "sensitive_attributes": [],
          "private": "bnVsbA=="
        }
      ]
    },
    {
      "mode": "managed",
      "type": "aws_iam_role_policy_attachment",
      "name": "codedeploy_service",
      "provider": "provider[\"registry.terraform.io/hashicorp/aws\"]",
      "instances": [
        {
          "schema_version": 0,
          "attributes": {
            "id": "CodeDeployServiceRole-20250322060529888600000003",
            "policy_arn": "arn:aws:iam::aws:policy/service-role/AWSCodeDeployRole",
            "role": "CodeDeployServiceRole"
          },
          "sensitive_attributes": [],
          "private": "bnVsbA==",
          "dependencies": [
            "aws_iam_role.codedeploy_service_role"
          ]
        }
      ]
    },
    {
      "mode": "managed",
      "type": "aws_iam_role_policy_attachment",
      "name": "ec2_codedeploy",
      "provider": "provider[\"registry.terraform.io/hashicorp/aws\"]",
      "instances": [
        {
          "schema_version": 0,
          "attributes": {
            "id": "EC2CodeDeployRole-20250322060529858700000002",
            "policy_arn": "arn:aws:iam::aws:policy/service-role/AWSCodeDeployRole",
            "role": "EC2CodeDeployRole"
          },
          "sensitive_attributes": [],
          "private": "bnVsbA==",
          "dependencies": [
            "aws_iam_role.ec2_codedeploy_role"
          ]
        }
      ]
    },
    {
      "mode": "managed",
      "type": "aws_iam_role_policy_attachment",
      "name": "ec2_codedeploy_s3",
      "provider": "provider[\"registry.terraform.io/hashicorp/aws\"]",
      "instances": [
        {
          "schema_version": 0,
          "attributes": {
            "id": "EC2CodeDeployRole-20250322060529844700000001",
            "policy_arn": "arn:aws:iam::aws:policy/AmazonS3ReadOnlyAccess",
            "role": "EC2CodeDeployRole"
          },
          "sensitive_attributes": [],
          "private": "bnVsbA==",
          "dependencies": [
            "aws_iam_role.ec2_codedeploy_role"
          ]
        }
      ]
    },
    {
      "mode": "managed",
      "type": "aws_instance",
      "name": "dev_istory_nginx_instance",
      "provider": "provider[\"registry.terraform.io/hashicorp/aws\"]",
      "instances": [
        {
          "schema_version": 1,
          "attributes": {
            "ami": "ami-08b09b6acd8d62254",
            "arn": "arn:aws:ec2:ap-northeast-2:084828561107:instance/i-011b3d8ee1f78197f",
            "associate_public_ip_address": true,
            "availability_zone": "ap-northeast-2a",
            "capacity_reservation_specification": [
              {
                "capacity_reservation_preference": "open",
                "capacity_reservation_target": []
              }
            ],
            "cpu_core_count": 1,
            "cpu_options": [
              {
                "amd_sev_snp": "",
                "core_count": 1,
                "threads_per_core": 1
              }
            ],
            "cpu_threads_per_core": 1,
            "credit_specification": [
              {
                "cpu_credits": "standard"
              }
            ],
            "disable_api_stop": false,
            "disable_api_termination": false,
            "ebs_block_device": [],
            "ebs_optimized": false,
            "enable_primary_ipv6": null,
            "enclave_options": [
              {
                "enabled": false
              }
            ],
            "ephemeral_block_device": [],
            "get_password_data": false,
            "hibernation": false,
            "host_id": "",
            "host_resource_group_arn": null,
            "iam_instance_profile": "EC2CodeDeployProfile",
            "id": "i-011b3d8ee1f78197f",
            "instance_initiated_shutdown_behavior": "stop",
            "instance_lifecycle": "",
            "instance_market_options": [],
            "instance_state": "running",
            "instance_type": "t2.micro",
            "ipv6_address_count": 0,
            "ipv6_addresses": [],
            "key_name": "ec2-key_pair",
            "launch_template": [],
            "maintenance_options": [
              {
                "auto_recovery": "default"
              }
            ],
            "metadata_options": [
              {
                "http_endpoint": "enabled",
                "http_protocol_ipv6": "disabled",
                "http_put_response_hop_limit": 1,
                "http_tokens": "optional",
                "instance_metadata_tags": "disabled"
              }
            ],
            "monitoring": false,
            "network_interface": [],
            "outpost_arn": "",
            "password_data": "",
            "placement_group": "",
            "placement_partition_number": 0,
            "primary_network_interface_id": "eni-03337ef00478d098c",
            "private_dns": "ip-10-0-1-154.ap-northeast-2.compute.internal",
            "private_dns_name_options": [
              {
                "enable_resource_name_dns_a_record": false,
                "enable_resource_name_dns_aaaa_record": false,
                "hostname_type": "ip-name"
              }
            ],
            "private_ip": "10.0.1.154",
            "public_dns": "ec2-3-34-51-35.ap-northeast-2.compute.amazonaws.com",
            "public_ip": "3.34.51.35",
            "root_block_device": [
              {
                "delete_on_termination": true,
                "device_name": "/dev/xvda",
                "encrypted": false,
                "iops": 100,
                "kms_key_id": "",
                "tags": {},
                "tags_all": {},
                "throughput": 0,
                "volume_id": "vol-01343a12ba73435e1",
                "volume_size": 8,
                "volume_type": "gp2"
              }
            ],
            "secondary_private_ips": [],
            "security_groups": [],
            "source_dest_check": true,
            "spot_instance_request_id": "",
            "subnet_id": "subnet-082dffb88fbb4c71e",
            "tags": {
              "Environment": "Development",
              "Name": "istory nginx-server"
            },
            "tags_all": {
              "Environment": "Development",
              "Name": "istory nginx-server"
            },
            "tenancy": "default",
            "timeouts": null,
            "user_data": "89573fc17c6928260a1ff3340398cee177fd96f0",
            "user_data_base64": null,
            "user_data_replace_on_change": false,
            "volume_tags": null,
            "vpc_security_group_ids": [
              "sg-01ba3896ae88cfef7"
            ]
          },
          "sensitive_attributes": [],
          "private": "eyJlMmJmYjczMC1lY2FhLTExZTYtOGY4OC0zNDM2M2JjN2M0YzAiOnsiY3JlYXRlIjo2MDAwMDAwMDAwMDAsImRlbGV0ZSI6MTIwMDAwMDAwMDAwMCwicmVhZCI6OTAwMDAwMDAwMDAwLCJ1cGRhdGUiOjYwMDAwMDAwMDAwMH0sInNjaGVtYV92ZXJzaW9uIjoiMSJ9",
          "dependencies": [
            "aws_iam_instance_profile.ec2_profile",
            "aws_iam_role.ec2_codedeploy_role",
            "aws_key_pair.ec2_key_pair",
            "aws_security_group.istory_nginx_sg",
            "aws_subnet.dangtong-vpc-public-subnet",
            "aws_vpc.dangtong-vpc",
            "tls_private_key.ec2_private_key"
          ]
        }
      ]
    },
    {
      "mode": "managed",
      "type": "aws_internet_gateway",
      "name": "dangtong-igw",
      "provider": "provider[\"registry.terraform.io/hashicorp/aws\"]",
      "instances": [
        {
          "schema_version": 0,
          "attributes": {
            "arn": "arn:aws:ec2:ap-northeast-2:084828561107:internet-gateway/igw-0ffd7765bccd92e08",
            "id": "igw-0ffd7765bccd92e08",
            "owner_id": "084828561107",
            "tags": {
              "Name": "dangtong-igw"
            },
            "tags_all": {
              "Name": "dangtong-igw"
            },
            "timeouts": null,
            "vpc_id": "vpc-0c2b6a4a634b4443c"
          },
          "sensitive_attributes": [],
          "private": "eyJlMmJmYjczMC1lY2FhLTExZTYtOGY4OC0zNDM2M2JjN2M0YzAiOnsiY3JlYXRlIjoxMjAwMDAwMDAwMDAwLCJkZWxldGUiOjEyMDAwMDAwMDAwMDAsInVwZGF0ZSI6MTIwMDAwMDAwMDAwMH19",
          "dependencies": [
            "aws_vpc.dangtong-vpc"
          ]
        }
      ]
    },
    {
      "mode": "managed",
      "type": "aws_key_pair",
      "name": "ec2_key_pair",
      "provider": "provider[\"registry.terraform.io/hashicorp/aws\"]",
      "instances": [
        {
          "schema_version": 1,
          "attributes": {
            "arn": "arn:aws:ec2:ap-northeast-2:084828561107:key-pair/ec2-key_pair",
            "fingerprint": "11:91:75:61:c6:4f:45:68:92:14:bb:6f:23:f7:08:27",
            "id": "ec2-key_pair",
            "key_name": "ec2-key_pair",
            "key_name_prefix": "",
            "key_pair_id": "key-015f1f36b2bdba6a9",
            "key_type": "rsa",
            "public_key": "ssh-rsa AAAAB3NzaC1yc2EAAAADAQABAAABAQCzwfC1p8moCnaF9sWUKFMVZvsLJE8KwoE8ZK7i6Ojp2O5wS4JXoPn1UCCm7tSMqBLy+sxSaaUfCe+aDKO2W4/qWiB60flkQc3e7xECjucJyigPan2mwwNcljf5wzVbib3BlE0AOqH73cOF8Nl2ThXScQ7GsuwgyYYn86xHAj9RE8P4+A1MGsgcTavb9GaKMuW9GoeXlcNCd5UYLG22jOmPml3rwPcLYUqkm8smc/LQx/N7vVT8X0lnim/NU4Nu96Abwj4d4nvWoxcG90SVwJea4+PGxlXI6EFp/FoxIi15YOUwRpxxhS7W0muKE+2eP+pLbrDO1GmPmBLd+3rD1f5B",
            "tags": null,
            "tags_all": {}
          },
          "sensitive_attributes": [],
          "private": "eyJzY2hlbWFfdmVyc2lvbiI6IjEifQ==",
          "dependencies": [
            "tls_private_key.ec2_private_key"
          ]
        }
      ]
    },
    {
      "mode": "managed",
      "type": "aws_route_table",
      "name": "dangtong-vpc-public-rt",
      "provider": "provider[\"registry.terraform.io/hashicorp/aws\"]",
      "instances": [
        {
          "schema_version": 0,
          "attributes": {
            "arn": "arn:aws:ec2:ap-northeast-2:084828561107:route-table/rtb-0dfe4bf52e0bff609",
            "id": "rtb-0dfe4bf52e0bff609",
            "owner_id": "084828561107",
            "propagating_vgws": [],
            "route": [
              {
                "carrier_gateway_id": "",
                "cidr_block": "0.0.0.0/0",
                "core_network_arn": "",
                "destination_prefix_list_id": "",
                "egress_only_gateway_id": "",
                "gateway_id": "igw-0ffd7765bccd92e08",
                "ipv6_cidr_block": "",
                "local_gateway_id": "",
                "nat_gateway_id": "",
                "network_interface_id": "",
                "transit_gateway_id": "",
                "vpc_endpoint_id": "",
                "vpc_peering_connection_id": ""
              }
            ],
            "tags": {
              "Name": "dangtong-vpc-public-rt"
            },
            "tags_all": {
              "Name": "dangtong-vpc-public-rt"
            },
            "timeouts": null,
            "vpc_id": "vpc-0c2b6a4a634b4443c"
          },
          "sensitive_attributes": [],
          "private": "eyJlMmJmYjczMC1lY2FhLTExZTYtOGY4OC0zNDM2M2JjN2M0YzAiOnsiY3JlYXRlIjozMDAwMDAwMDAwMDAsImRlbGV0ZSI6MzAwMDAwMDAwMDAwLCJ1cGRhdGUiOjEyMDAwMDAwMDAwMH19",
          "dependencies": [
            "aws_internet_gateway.dangtong-igw",
            "aws_vpc.dangtong-vpc"
          ]
        }
      ]
    },
    {
      "mode": "managed",
      "type": "aws_route_table_association",
      "name": "dangtong-vpc-public-rt",
      "provider": "provider[\"registry.terraform.io/hashicorp/aws\"]",
      "instances": [
        {
          "index_key": "a",
          "schema_version": 0,
          "attributes": {
            "gateway_id": "",
            "id": "rtbassoc-0ad338714d7483c45",
            "route_table_id": "rtb-0dfe4bf52e0bff609",
            "subnet_id": "subnet-082dffb88fbb4c71e",
            "timeouts": null
          },
          "sensitive_attributes": [],
          "private": "eyJlMmJmYjczMC1lY2FhLTExZTYtOGY4OC0zNDM2M2JjN2M0YzAiOnsiY3JlYXRlIjozMDAwMDAwMDAwMDAsImRlbGV0ZSI6MzAwMDAwMDAwMDAwLCJ1cGRhdGUiOjEyMDAwMDAwMDAwMH19",
          "dependencies": [
            "aws_internet_gateway.dangtong-igw",
            "aws_route_table.dangtong-vpc-public-rt",
            "aws_subnet.dangtong-vpc-public-subnet",
            "aws_vpc.dangtong-vpc"
          ]
        },
        {
          "index_key": "b",
          "schema_version": 0,
          "attributes": {
            "gateway_id": "",
            "id": "rtbassoc-0f25fe87de377835f",
            "route_table_id": "rtb-0dfe4bf52e0bff609",
            "subnet_id": "subnet-0397e4f875d397df8",
            "timeouts": null
          },
          "sensitive_attributes": [],
          "private": "eyJlMmJmYjczMC1lY2FhLTExZTYtOGY4OC0zNDM2M2JjN2M0YzAiOnsiY3JlYXRlIjozMDAwMDAwMDAwMDAsImRlbGV0ZSI6MzAwMDAwMDAwMDAwLCJ1cGRhdGUiOjEyMDAwMDAwMDAwMH19",
          "dependencies": [
            "aws_internet_gateway.dangtong-igw",
            "aws_route_table.dangtong-vpc-public-rt",
            "aws_subnet.dangtong-vpc-public-subnet",
            "aws_vpc.dangtong-vpc"
          ]
        },
        {
          "index_key": "c",
          "schema_version": 0,
          "attributes": {
            "gateway_id": "",
            "id": "rtbassoc-05a67ba425c3cace6",
            "route_table_id": "rtb-0dfe4bf52e0bff609",
            "subnet_id": "subnet-0716bf09750ace59e",
            "timeouts": null
          },
          "sensitive_attributes": [],
          "private": "eyJlMmJmYjczMC1lY2FhLTExZTYtOGY4OC0zNDM2M2JjN2M0YzAiOnsiY3JlYXRlIjozMDAwMDAwMDAwMDAsImRlbGV0ZSI6MzAwMDAwMDAwMDAwLCJ1cGRhdGUiOjEyMDAwMDAwMDAwMH19",
          "dependencies": [
            "aws_internet_gateway.dangtong-igw",
            "aws_route_table.dangtong-vpc-public-rt",
            "aws_subnet.dangtong-vpc-public-subnet",
            "aws_vpc.dangtong-vpc"
          ]
        },
        {
          "index_key": "d",
          "schema_version": 0,
          "attributes": {
            "gateway_id": "",
            "id": "rtbassoc-0b0191a60b3875e1b",
            "route_table_id": "rtb-0dfe4bf52e0bff609",
            "subnet_id": "subnet-0013bc6f270e2d0b4",
            "timeouts": null
          },
          "sensitive_attributes": [],
          "private": "eyJlMmJmYjczMC1lY2FhLTExZTYtOGY4OC0zNDM2M2JjN2M0YzAiOnsiY3JlYXRlIjozMDAwMDAwMDAwMDAsImRlbGV0ZSI6MzAwMDAwMDAwMDAwLCJ1cGRhdGUiOjEyMDAwMDAwMDAwMH19",
          "dependencies": [
            "aws_internet_gateway.dangtong-igw",
            "aws_route_table.dangtong-vpc-public-rt",
            "aws_subnet.dangtong-vpc-public-subnet",
            "aws_vpc.dangtong-vpc"
          ]
        }
      ]
    },
    {
      "mode": "managed",
      "type": "aws_s3_bucket",
      "name": "istory-deploy-bucket",
      "provider": "provider[\"registry.terraform.io/hashicorp/aws\"]",
      "instances": [
        {
          "schema_version": 0,
          "attributes": {
            "acceleration_status": "",
            "acl": null,
            "arn": "arn:aws:s3:::istory-deploy-bucket-084828561107",
            "bucket": "istory-deploy-bucket-084828561107",
            "bucket_domain_name": "istory-deploy-bucket-084828561107.s3.amazonaws.com",
            "bucket_prefix": "",
            "bucket_regional_domain_name": "istory-deploy-bucket-084828561107.s3.ap-northeast-2.amazonaws.com",
            "cors_rule": [],
            "force_destroy": false,
            "grant": [
              {
                "id": "5be6b9ef6b5bcb9a22c0320540a30e26354a1187967d1c57572008713adff3bd",
                "permissions": [
                  "FULL_CONTROL"
                ],
                "type": "CanonicalUser",
                "uri": ""
              }
            ],
            "hosted_zone_id": "Z3W03O7B5YMIYP",
            "id": "istory-deploy-bucket-084828561107",
            "lifecycle_rule": [],
            "logging": [],
            "object_lock_configuration": [],
            "object_lock_enabled": false,
            "policy": "",
            "region": "ap-northeast-2",
            "replication_configuration": [],
            "request_payer": "BucketOwner",
            "server_side_encryption_configuration": [
              {
                "rule": [
                  {
                    "apply_server_side_encryption_by_default": [
                      {
                        "kms_master_key_id": "",
                        "sse_algorithm": "AES256"
                      }
                    ],
                    "bucket_key_enabled": false
                  }
                ]
              }
            ],
            "tags": null,
            "tags_all": {},
            "timeouts": null,
            "versioning": [
              {
                "enabled": false,
                "mfa_delete": false
              }
            ],
            "website": [],
            "website_domain": null,
            "website_endpoint": null
          },
          "sensitive_attributes": [],
          "private": "eyJlMmJmYjczMC1lY2FhLTExZTYtOGY4OC0zNDM2M2JjN2M0YzAiOnsiY3JlYXRlIjoxMjAwMDAwMDAwMDAwLCJkZWxldGUiOjM2MDAwMDAwMDAwMDAsInJlYWQiOjEyMDAwMDAwMDAwMDAsInVwZGF0ZSI6MTIwMDAwMDAwMDAwMH19",
          "dependencies": [
            "data.aws_caller_identity.current"
          ]
        }
      ]
    },
    {
      "mode": "managed",
      "type": "aws_s3_bucket_versioning",
      "name": "deploy_bucket_versioning",
      "provider": "provider[\"registry.terraform.io/hashicorp/aws\"]",
      "instances": [
        {
          "schema_version": 0,
          "attributes": {
            "bucket": "istory-deploy-bucket-084828561107",
            "expected_bucket_owner": "",
            "id": "istory-deploy-bucket-084828561107",
            "mfa": null,
            "versioning_configuration": [
              {
                "mfa_delete": "",
                "status": "Enabled"
              }
            ]
          },
          "sensitive_attributes": [],
          "private": "bnVsbA==",
          "dependencies": [
            "aws_s3_bucket.istory-deploy-bucket",
            "data.aws_caller_identity.current"
          ]
        }
      ]
    },
    {
      "mode": "managed",
      "type": "aws_security_group",
      "name": "istory_nginx_sg",
      "provider": "provider[\"registry.terraform.io/hashicorp/aws\"]",
      "instances": [
        {
          "schema_version": 1,
          "attributes": {
            "arn": "arn:aws:ec2:ap-northeast-2:084828561107:security-group/sg-01ba3896ae88cfef7",
            "description": "Managed by Terraform",
            "egress": [
              {
                "cidr_blocks": [
                  "0.0.0.0/0"
                ],
                "description": "",
                "from_port": 0,
                "ipv6_cidr_blocks": [],
                "prefix_list_ids": [],
                "protocol": "-1",
                "security_groups": [],
                "self": false,
                "to_port": 0
              }
            ],
            "id": "sg-01ba3896ae88cfef7",
            "ingress": [
              {
                "cidr_blocks": [
                  "0.0.0.0/0"
                ],
                "description": "Allow HTTP",
                "from_port": 8080,
                "ipv6_cidr_blocks": [],
                "prefix_list_ids": [],
                "protocol": "tcp",
                "security_groups": [],
                "self": false,
                "to_port": 8080
              },
              {
                "cidr_blocks": [
                  "0.0.0.0/0"
                ],
                "description": "Allow SSH",
                "from_port": 22,
                "ipv6_cidr_blocks": [],
                "prefix_list_ids": [],
                "protocol": "tcp",
                "security_groups": [],
                "self": false,
                "to_port": 22
              }
            ],
            "name": "istory nginx sg20250322060539403400000004",
            "name_prefix": "istory nginx sg",
            "owner_id": "084828561107",
            "revoke_rules_on_delete": false,
            "tags": null,
            "tags_all": {},
            "timeouts": null,
            "vpc_id": "vpc-0c2b6a4a634b4443c"
          },
          "sensitive_attributes": [],
          "private": "eyJlMmJmYjczMC1lY2FhLTExZTYtOGY4OC0zNDM2M2JjN2M0YzAiOnsiY3JlYXRlIjo2MDAwMDAwMDAwMDAsImRlbGV0ZSI6OTAwMDAwMDAwMDAwfSwic2NoZW1hX3ZlcnNpb24iOiIxIn0=",
          "dependencies": [
            "aws_vpc.dangtong-vpc"
          ]
        }
      ]
    },
    {
      "mode": "managed",
      "type": "aws_security_group",
      "name": "istory_rds_sg",
      "provider": "provider[\"registry.terraform.io/hashicorp/aws\"]",
      "instances": [
        {
          "schema_version": 1,
          "attributes": {
            "arn": "arn:aws:ec2:ap-northeast-2:084828561107:security-group/sg-0d1d7d110f818d7e9",
            "description": "Managed by Terraform",
            "egress": [
              {
                "cidr_blocks": [
                  "0.0.0.0/0"
                ],
                "description": "",
                "from_port": 0,
                "ipv6_cidr_blocks": [],
                "prefix_list_ids": [],
                "protocol": "-1",
                "security_groups": [],
                "self": false,
                "to_port": 0
              }
            ],
            "id": "sg-0d1d7d110f818d7e9",
            "ingress": [
              {
                "cidr_blocks": [],
                "description": "Allow MySQL from EC2",
                "from_port": 3306,
                "ipv6_cidr_blocks": [],
                "prefix_list_ids": [],
                "protocol": "tcp",
                "security_groups": [
                  "sg-01ba3896ae88cfef7"
                ],
                "self": false,
                "to_port": 3306
              }
            ],
            "name": "istory rds sg20250322060541963800000006",
            "name_prefix": "istory rds sg",
            "owner_id": "084828561107",
            "revoke_rules_on_delete": false,
            "tags": {
              "Name": "istory-rds-sg"
            },
            "tags_all": {
              "Name": "istory-rds-sg"
            },
            "timeouts": null,
            "vpc_id": "vpc-0c2b6a4a634b4443c"
          },
          "sensitive_attributes": [],
          "private": "eyJlMmJmYjczMC1lY2FhLTExZTYtOGY4OC0zNDM2M2JjN2M0YzAiOnsiY3JlYXRlIjo2MDAwMDAwMDAwMDAsImRlbGV0ZSI6OTAwMDAwMDAwMDAwfSwic2NoZW1hX3ZlcnNpb24iOiIxIn0=",
          "dependencies": [
            "aws_security_group.istory_nginx_sg",
            "aws_vpc.dangtong-vpc"
          ]
        }
      ]
    },
    {
      "mode": "managed",
      "type": "aws_subnet",
      "name": "dangtong-vpc-public-subnet",
      "provider": "provider[\"registry.terraform.io/hashicorp/aws\"]",
      "instances": [
        {
          "index_key": "a",
          "schema_version": 1,
          "attributes": {
            "arn": "arn:aws:ec2:ap-northeast-2:084828561107:subnet/subnet-082dffb88fbb4c71e",
            "assign_ipv6_address_on_creation": false,
            "availability_zone": "ap-northeast-2a",
            "availability_zone_id": "apne2-az1",
            "cidr_block": "10.0.1.0/24",
            "customer_owned_ipv4_pool": "",
            "enable_dns64": false,
            "enable_lni_at_device_index": 0,
            "enable_resource_name_dns_a_record_on_launch": false,
            "enable_resource_name_dns_aaaa_record_on_launch": false,
            "id": "subnet-082dffb88fbb4c71e",
            "ipv6_cidr_block": "",
            "ipv6_cidr_block_association_id": "",
            "ipv6_native": false,
            "map_customer_owned_ip_on_launch": false,
            "map_public_ip_on_launch": true,
            "outpost_arn": "",
            "owner_id": "084828561107",
            "private_dns_hostname_type_on_launch": "ip-name",
            "tags": {
              "Name": "dangtong-vpc-public-subnet-a"
            },
            "tags_all": {
              "Name": "dangtong-vpc-public-subnet-a"
            },
            "timeouts": null,
            "vpc_id": "vpc-0c2b6a4a634b4443c"
          },
          "sensitive_attributes": [],
          "private": "eyJlMmJmYjczMC1lY2FhLTExZTYtOGY4OC0zNDM2M2JjN2M0YzAiOnsiY3JlYXRlIjo2MDAwMDAwMDAwMDAsImRlbGV0ZSI6MTIwMDAwMDAwMDAwMH0sInNjaGVtYV92ZXJzaW9uIjoiMSJ9",
          "dependencies": [
            "aws_vpc.dangtong-vpc"
          ]
        },
        {
          "index_key": "b",
          "schema_version": 1,
          "attributes": {
            "arn": "arn:aws:ec2:ap-northeast-2:084828561107:subnet/subnet-0397e4f875d397df8",
            "assign_ipv6_address_on_creation": false,
            "availability_zone": "ap-northeast-2b",
            "availability_zone_id": "apne2-az2",
            "cidr_block": "10.0.2.0/24",
            "customer_owned_ipv4_pool": "",
            "enable_dns64": false,
            "enable_lni_at_device_index": 0,
            "enable_resource_name_dns_a_record_on_launch": false,
            "enable_resource_name_dns_aaaa_record_on_launch": false,
            "id": "subnet-0397e4f875d397df8",
            "ipv6_cidr_block": "",
            "ipv6_cidr_block_association_id": "",
            "ipv6_native": false,
            "map_customer_owned_ip_on_launch": false,
            "map_public_ip_on_launch": true,
            "outpost_arn": "",
            "owner_id": "084828561107",
            "private_dns_hostname_type_on_launch": "ip-name",
            "tags": {
              "Name": "dangtong-vpc-public-subnet-b"
            },
            "tags_all": {
              "Name": "dangtong-vpc-public-subnet-b"
            },
            "timeouts": null,
            "vpc_id": "vpc-0c2b6a4a634b4443c"
          },
          "sensitive_attributes": [],
          "private": "eyJlMmJmYjczMC1lY2FhLTExZTYtOGY4OC0zNDM2M2JjN2M0YzAiOnsiY3JlYXRlIjo2MDAwMDAwMDAwMDAsImRlbGV0ZSI6MTIwMDAwMDAwMDAwMH0sInNjaGVtYV92ZXJzaW9uIjoiMSJ9",
          "dependencies": [
            "aws_vpc.dangtong-vpc"
          ]
        },
        {
          "index_key": "c",
          "schema_version": 1,
          "attributes": {
            "arn": "arn:aws:ec2:ap-northeast-2:084828561107:subnet/subnet-0716bf09750ace59e",
            "assign_ipv6_address_on_creation": false,
            "availability_zone": "ap-northeast-2c",
            "availability_zone_id": "apne2-az3",
            "cidr_block": "10.0.3.0/24",
            "customer_owned_ipv4_pool": "",
            "enable_dns64": false,
            "enable_lni_at_device_index": 0,
            "enable_resource_name_dns_a_record_on_launch": false,
            "enable_resource_name_dns_aaaa_record_on_launch": false,
            "id": "subnet-0716bf09750ace59e",
            "ipv6_cidr_block": "",
            "ipv6_cidr_block_association_id": "",
            "ipv6_native": false,
            "map_customer_owned_ip_on_launch": false,
            "map_public_ip_on_launch": true,
            "outpost_arn": "",
            "owner_id": "084828561107",
            "private_dns_hostname_type_on_launch": "ip-name",
            "tags": {
              "Name": "dangtong-vpc-public-subnet-c"
            },
            "tags_all": {
              "Name": "dangtong-vpc-public-subnet-c"
            },
            "timeouts": null,
            "vpc_id": "vpc-0c2b6a4a634b4443c"
          },
          "sensitive_attributes": [],
          "private": "eyJlMmJmYjczMC1lY2FhLTExZTYtOGY4OC0zNDM2M2JjN2M0YzAiOnsiY3JlYXRlIjo2MDAwMDAwMDAwMDAsImRlbGV0ZSI6MTIwMDAwMDAwMDAwMH0sInNjaGVtYV92ZXJzaW9uIjoiMSJ9",
          "dependencies": [
            "aws_vpc.dangtong-vpc"
          ]
        },
        {
          "index_key": "d",
          "schema_version": 1,
          "attributes": {
            "arn": "arn:aws:ec2:ap-northeast-2:084828561107:subnet/subnet-0013bc6f270e2d0b4",
            "assign_ipv6_address_on_creation": false,
            "availability_zone": "ap-northeast-2d",
            "availability_zone_id": "apne2-az4",
            "cidr_block": "10.0.4.0/24",
            "customer_owned_ipv4_pool": "",
            "enable_dns64": false,
            "enable_lni_at_device_index": 0,
            "enable_resource_name_dns_a_record_on_launch": false,
            "enable_resource_name_dns_aaaa_record_on_launch": false,
            "id": "subnet-0013bc6f270e2d0b4",
            "ipv6_cidr_block": "",
            "ipv6_cidr_block_association_id": "",
            "ipv6_native": false,
            "map_customer_owned_ip_on_launch": false,
            "map_public_ip_on_launch": true,
            "outpost_arn": "",
            "owner_id": "084828561107",
            "private_dns_hostname_type_on_launch": "ip-name",
            "tags": {
              "Name": "dangtong-vpc-public-subnet-d"
            },
            "tags_all": {
              "Name": "dangtong-vpc-public-subnet-d"
            },
            "timeouts": null,
            "vpc_id": "vpc-0c2b6a4a634b4443c"
          },
          "sensitive_attributes": [],
          "private": "eyJlMmJmYjczMC1lY2FhLTExZTYtOGY4OC0zNDM2M2JjN2M0YzAiOnsiY3JlYXRlIjo2MDAwMDAwMDAwMDAsImRlbGV0ZSI6MTIwMDAwMDAwMDAwMH0sInNjaGVtYV92ZXJzaW9uIjoiMSJ9",
          "dependencies": [
            "aws_vpc.dangtong-vpc"
          ]
        }
      ]
    },
    {
      "mode": "managed",
      "type": "aws_vpc",
      "name": "dangtong-vpc",
      "provider": "provider[\"registry.terraform.io/hashicorp/aws\"]",
      "instances": [
        {
          "schema_version": 1,
          "attributes": {
            "arn": "arn:aws:ec2:ap-northeast-2:084828561107:vpc/vpc-0c2b6a4a634b4443c",
            "assign_generated_ipv6_cidr_block": false,
            "cidr_block": "10.0.0.0/16",
            "default_network_acl_id": "acl-0caeeba4f5980cc7c",
            "default_route_table_id": "rtb-09b0712765ef2ca09",
            "default_security_group_id": "sg-029b3469facf81a7c",
            "dhcp_options_id": "dopt-0e68341b7aac291f6",
            "enable_dns_hostnames": true,
            "enable_dns_support": true,
            "enable_network_address_usage_metrics": false,
            "id": "vpc-0c2b6a4a634b4443c",
            "instance_tenancy": "default",
            "ipv4_ipam_pool_id": null,
            "ipv4_netmask_length": null,
            "ipv6_association_id": "",
            "ipv6_cidr_block": "",
            "ipv6_cidr_block_network_border_group": "",
            "ipv6_ipam_pool_id": "",
            "ipv6_netmask_length": 0,
            "main_route_table_id": "rtb-09b0712765ef2ca09",
            "owner_id": "084828561107",
            "tags": {
              "Name": "dangtong-vpc"
            },
            "tags_all": {
              "Name": "dangtong-vpc"
            }
          },
          "sensitive_attributes": [],
          "private": "eyJzY2hlbWFfdmVyc2lvbiI6IjEifQ=="
        }
      ]
    },
    {
      "mode": "managed",
      "type": "tls_private_key",
      "name": "ec2_private_key",
      "provider": "provider[\"registry.terraform.io/hashicorp/tls\"]",
      "instances": [
        {
          "schema_version": 1,
          "attributes": {
            "algorithm": "RSA",
            "ecdsa_curve": "P224",
            "id": "b971ee6661dcbb9c2b63747538334c876bfe27d8",
            "private_key_openssh": "-----BEGIN OPENSSH PRIVATE KEY-----\nb3BlbnNzaC1rZXktdjEAAAAABG5vbmUAAAAEbm9uZQAAAAAAAAABAAABFwAAAAdz\nc2gtcnNhAAAAAwEAAQAAAQEAs8HwtafJqAp2hfbFlChTFWb7CyRPCsKBPGSu4ujo\n6djucEuCV6D59VAgpu7UjKgS8vrMUmmlHwnvmgyjtluP6logetH5ZEHN3u8RAo7n\nCcooD2p9psMDXJY3+cM1W4m9wZRNADqh+93DhfDZdk4V0nEOxrLsIMmGJ/OsRwI/\nURPD+PgNTBrIHE2r2/RmijLlvRqHl5XDQneVGCxttozpj5pd68D3C2FKpJvLJnPy\n0Mfze71U/F9JZ4pvzVODbvegG8I+HeJ71qMXBvdElcCXmuPjxsZVyOhBafxaMSIt\neWDlMEaccYUu1tJrihPtnj/qS26wztRpj5gS3ft6w9X+QQAAA7gNuhY9DboWPQAA\nAAdzc2gtcnNhAAABAQCzwfC1p8moCnaF9sWUKFMVZvsLJE8KwoE8ZK7i6Ojp2O5w\nS4JXoPn1UCCm7tSMqBLy+sxSaaUfCe+aDKO2W4/qWiB60flkQc3e7xECjucJyigP\nan2mwwNcljf5wzVbib3BlE0AOqH73cOF8Nl2ThXScQ7GsuwgyYYn86xHAj9RE8P4\n+A1MGsgcTavb9GaKMuW9GoeXlcNCd5UYLG22jOmPml3rwPcLYUqkm8smc/LQx/N7\nvVT8X0lnim/NU4Nu96Abwj4d4nvWoxcG90SVwJea4+PGxlXI6EFp/FoxIi15YOUw\nRpxxhS7W0muKE+2eP+pLbrDO1GmPmBLd+3rD1f5BAAAAAwEAAQAAAQALwBW4CivI\nbEarIyJvOOOVdpHafJkeHvDLvdkgxBDVmHSdqpHuoHs2afJ4dww11ZbHg1Vv3bAJ\ng2DCNSlOdlXF//Y3kRo4T4ThmccG38iCf1B3EYL9L6o8lyU5kmUegraAvOz7otmL\n2Uc6ri/I5/nNM86/dlqxGftHCUqtqZvx9Lin1VDb6ER4pNorm7l12Mnr3KHfd0qC\nvYTyGfrqfbP8r5Cr+/BueIKU2NKFFC3d3+txdRb4YVqgtdOQVzYgbojW+6/W0d/S\n0EMULcLNBLKXqSUHPy8brJOfV9AWYOo5AxylakyT2CLgd/BXIILSsdrh07Z6izod\npkoAFIC2SH9BAAAAgQChKpWxGUUBJo35HrE3AE1cfTveJkE012SRcSaHNCRr070E\nii2lFirX+b+8WJmMCDTS7WnVrdGBvB43XtqBY1RO4K7U4AJIoTTW0Flxvaaz+HV/\nljO+RRt/kV8ffQWrw74UDu845ADfD5Hnp+WulKnfsyE+yZLisX5UbIrW4dnffwAA\nAIEA6gy/D7z/srd/hHNiPdPlkHbJnEb608XYPhgXOY4roIhBRZqun66vmOlmaq6j\niDpnqoa5XvDF1ASNlu/MxMa+91NgLEJSSe4W2KjHd7E8bgOROEitfHldtd328tD6\nFA32N1I60T8XO7KBUBvkPwH7xQX6ep5as60gN1Y2qEd63+0AAACBAMSdtAyLc/rO\nnbOw4it8j8wIfnhWCIga25gJ8nvWmFpVxrpnvi2ghaZqc80c0mQ/+tujeYmtZxUs\ndkHomEkTgXy18kZLU5ALcOGZLTtlnzIsu1LKGHgYGvXrbWpaHvryoJnB51eeMFtS\nhSrIujPMCA4awHGSnUlQKIVWnkqNBAUlAAAAAAEC\n-----END OPENSSH PRIVATE KEY-----\n",
            "private_key_pem": "-----BEGIN RSA PRIVATE KEY-----\nMIIEpAIBAAKCAQEAs8HwtafJqAp2hfbFlChTFWb7CyRPCsKBPGSu4ujo6djucEuC\nV6D59VAgpu7UjKgS8vrMUmmlHwnvmgyjtluP6logetH5ZEHN3u8RAo7nCcooD2p9\npsMDXJY3+cM1W4m9wZRNADqh+93DhfDZdk4V0nEOxrLsIMmGJ/OsRwI/URPD+PgN\nTBrIHE2r2/RmijLlvRqHl5XDQneVGCxttozpj5pd68D3C2FKpJvLJnPy0Mfze71U\n/F9JZ4pvzVODbvegG8I+HeJ71qMXBvdElcCXmuPjxsZVyOhBafxaMSIteWDlMEac\ncYUu1tJrihPtnj/qS26wztRpj5gS3ft6w9X+QQIDAQABAoIBAAvAFbgKK8hsRqsj\nIm8445V2kdp8mR4e8Mu92SDEENWYdJ2qke6gezZp8nh3DDXVlseDVW/dsAmDYMI1\nKU52VcX/9jeRGjhPhOGZxwbfyIJ/UHcRgv0vqjyXJTmSZR6CtoC87Pui2YvZRzqu\nL8jn+c0zzr92WrEZ+0cJSq2pm/H0uKfVUNvoRHik2iubuXXYyevcod93SoK9hPIZ\n+up9s/yvkKv78G54gpTY0oUULd3f63F1FvhhWqC105BXNiBuiNb7r9bR39LQQxQt\nws0EspepJQc/Lxusk59X0BZg6jkDHKVqTJPYIuB38FcggtKx2uHTtnqLOh2mSgAU\ngLZIf0ECgYEA6gy/D7z/srd/hHNiPdPlkHbJnEb608XYPhgXOY4roIhBRZqun66v\nmOlmaq6jiDpnqoa5XvDF1ASNlu/MxMa+91NgLEJSSe4W2KjHd7E8bgOROEitfHld\ntd328tD6FA32N1I60T8XO7KBUBvkPwH7xQX6ep5as60gN1Y2qEd63+0CgYEAxJ20\nDItz+s6ds7DiK3yPzAh+eFYIiBrbmAnye9aYWlXGume+LaCFpmpzzRzSZD/626N5\nia1nFSx2QeiYSROBfLXyRktTkAtw4ZktO2WfMiy7UsoYeBga9ettaloe+vKgmcHn\nV54wW1KFKsi6M8wIDhrAcZKdSVAohVaeSo0EBSUCgYEArWYoH1bc8eE1HkIF5Nya\nVX9MOvXzWvZXERn0CvYjqFmKUjEZcsCO4/D3qc4c5g6vQw1xRL+JMVz2MX8T7C16\nye4BcIjqQk+cqYPR1AGBTdhivJpLvc6E+PqrvJXK0RTO94l6fhAJ/HZxi5I+ddfY\nWc3mFvY/KKL5HUZIVEAw7rkCgYBWy5OHEizB5GIjyAsfzV4hYQKLltcvVkPoa0O7\nPXGGN2WCNnfy5nD5lPbH7lhGXyQbv5/Qklb2NumBkO9hGxZHen6YX3plFVfgj2Ez\nXloXqT2Mf6Crq2CDfUmQ8HXKrD8PgVTiDfgk6FnXGENyyDgqGc8ok+ORUKyCqEk6\neePzbQKBgQChKpWxGUUBJo35HrE3AE1cfTveJkE012SRcSaHNCRr070Eii2lFirX\n+b+8WJmMCDTS7WnVrdGBvB43XtqBY1RO4K7U4AJIoTTW0Flxvaaz+HV/ljO+RRt/\nkV8ffQWrw74UDu845ADfD5Hnp+WulKnfsyE+yZLisX5UbIrW4dnffw==\n-----END RSA PRIVATE KEY-----\n",
            "private_key_pem_pkcs8": "-----BEGIN PRIVATE KEY-----\nMIIEvgIBADANBgkqhkiG9w0BAQEFAASCBKgwggSkAgEAAoIBAQCzwfC1p8moCnaF\n9sWUKFMVZvsLJE8KwoE8ZK7i6Ojp2O5wS4JXoPn1UCCm7tSMqBLy+sxSaaUfCe+a\nDKO2W4/qWiB60flkQc3e7xECjucJyigPan2mwwNcljf5wzVbib3BlE0AOqH73cOF\n8Nl2ThXScQ7GsuwgyYYn86xHAj9RE8P4+A1MGsgcTavb9GaKMuW9GoeXlcNCd5UY\nLG22jOmPml3rwPcLYUqkm8smc/LQx/N7vVT8X0lnim/NU4Nu96Abwj4d4nvWoxcG\n90SVwJea4+PGxlXI6EFp/FoxIi15YOUwRpxxhS7W0muKE+2eP+pLbrDO1GmPmBLd\n+3rD1f5BAgMBAAECggEAC8AVuAoryGxGqyMibzjjlXaR2nyZHh7wy73ZIMQQ1Zh0\nnaqR7qB7NmnyeHcMNdWWx4NVb92wCYNgwjUpTnZVxf/2N5EaOE+E4ZnHBt/Ign9Q\ndxGC/S+qPJclOZJlHoK2gLzs+6LZi9lHOq4vyOf5zTPOv3ZasRn7RwlKramb8fS4\np9VQ2+hEeKTaK5u5ddjJ69yh33dKgr2E8hn66n2z/K+Qq/vwbniClNjShRQt3d/r\ncXUW+GFaoLXTkFc2IG6I1vuv1tHf0tBDFC3CzQSyl6klBz8vG6yTn1fQFmDqOQMc\npWpMk9gi4HfwVyCC0rHa4dO2eos6HaZKABSAtkh/QQKBgQDqDL8PvP+yt3+Ec2I9\n0+WQdsmcRvrTxdg+GBc5jiugiEFFmq6frq+Y6WZqrqOIOmeqhrle8MXUBI2W78zE\nxr73U2AsQlJJ7hbYqMd3sTxuA5E4SK18eV213fby0PoUDfY3UjrRPxc7soFQG+Q/\nAfvFBfp6nlqzrSA3VjaoR3rf7QKBgQDEnbQMi3P6zp2zsOIrfI/MCH54VgiIGtuY\nCfJ71phaVca6Z74toIWmanPNHNJkP/rbo3mJrWcVLHZB6JhJE4F8tfJGS1OQC3Dh\nmS07ZZ8yLLtSyhh4GBr1621qWh768qCZwedXnjBbUoUqyLozzAgOGsBxkp1JUCiF\nVp5KjQQFJQKBgQCtZigfVtzx4TUeQgXk3JpVf0w69fNa9lcRGfQK9iOoWYpSMRly\nwI7j8PepzhzmDq9DDXFEv4kxXPYxfxPsLXrJ7gFwiOpCT5ypg9HUAYFN2GK8mku9\nzoT4+qu8lcrRFM73iXp+EAn8dnGLkj5119hZzeYW9j8oovkdRkhUQDDuuQKBgFbL\nk4cSLMHkYiPICx/NXiFhAouW1y9WQ+hrQ7s9cYY3ZYI2d/LmcPmU9sfuWEZfJBu/\nn9CSVvY26YGQ72EbFkd6fphfemUVV+CPYTNeWhepPYx/oKurYIN9SZDwdcqsPw+B\nVOIN+CToWdcYQ3LIOCoZzyiT45FQrIKoSTp54/NtAoGBAKEqlbEZRQEmjfkesTcA\nTVx9O94mQTTXZJFxJoc0JGvTvQSKLaUWKtf5v7xYmYwINNLtadWt0YG8Hjde2oFj\nVE7grtTgAkihNNbQWXG9prP4dX+WM75FG3+RXx99BavDvhQO7zjkAN8Pkeen5a6U\nqd+zIT7JkuKxflRsitbh2d9/\n-----END PRIVATE KEY-----\n",
            "public_key_fingerprint_md5": "fb:70:aa:e9:d6:fb:3f:07:5a:77:9c:77:37:a8:15:1e",
            "public_key_fingerprint_sha256": "SHA256:6Vks9YsWpZVM0WyjGtgYon5Q8mgymS6kShh9038f7f4",
            "public_key_openssh": "ssh-rsa AAAAB3NzaC1yc2EAAAADAQABAAABAQCzwfC1p8moCnaF9sWUKFMVZvsLJE8KwoE8ZK7i6Ojp2O5wS4JXoPn1UCCm7tSMqBLy+sxSaaUfCe+aDKO2W4/qWiB60flkQc3e7xECjucJyigPan2mwwNcljf5wzVbib3BlE0AOqH73cOF8Nl2ThXScQ7GsuwgyYYn86xHAj9RE8P4+A1MGsgcTavb9GaKMuW9GoeXlcNCd5UYLG22jOmPml3rwPcLYUqkm8smc/LQx/N7vVT8X0lnim/NU4Nu96Abwj4d4nvWoxcG90SVwJea4+PGxlXI6EFp/FoxIi15YOUwRpxxhS7W0muKE+2eP+pLbrDO1GmPmBLd+3rD1f5B\n",
            "public_key_pem": "-----BEGIN PUBLIC KEY-----\nMIIBIjANBgkqhkiG9w0BAQEFAAOCAQ8AMIIBCgKCAQEAs8HwtafJqAp2hfbFlChT\nFWb7CyRPCsKBPGSu4ujo6djucEuCV6D59VAgpu7UjKgS8vrMUmmlHwnvmgyjtluP\n6logetH5ZEHN3u8RAo7nCcooD2p9psMDXJY3+cM1W4m9wZRNADqh+93DhfDZdk4V\n0nEOxrLsIMmGJ/OsRwI/URPD+PgNTBrIHE2r2/RmijLlvRqHl5XDQneVGCxttozp\nj5pd68D3C2FKpJvLJnPy0Mfze71U/F9JZ4pvzVODbvegG8I+HeJ71qMXBvdElcCX\nmuPjxsZVyOhBafxaMSIteWDlMEaccYUu1tJrihPtnj/qS26wztRpj5gS3ft6w9X+\nQQIDAQAB\n-----END PUBLIC KEY-----\n",
            "rsa_bits": 2048
          },
          "sensitive_attributes": [
            [
              {
                "type": "get_attr",
                "value": "private_key_pem_pkcs8"
              }
            ],
            [
              {
                "type": "get_attr",
                "value": "private_key_openssh"
              }
            ],
            [
              {
                "type": "get_attr",
                "value": "private_key_pem"
              }
            ]
          ]
        }
      ]
    }
  ],
  "check_results": null
}
